Microsoft Visual Studio Solution File, Format Version 12.00
# Visual Studio 14
Project("{2150E333-8FDC-42A3-9474-1A3956D46DE8}") = "CMakePredefinedTargets", "CMakePredefinedTargets", "{55D07551-B8D9-3C08-8798-ECC52A2433B0}"
EndProject
Project("{2150E333-8FDC-42A3-9474-1A3956D46DE8}") = "glslang", "glslang", "{92399E1E-B055-334B-A506-F8157E6C6CD6}"
EndProject
Project("{2150E333-8FDC-42A3-9474-1A3956D46DE8}") = "hlsl", "hlsl", "{B9832787-47E3-30B2-85D2-9F7A3B3A1968}"
EndProject
Project("{8BC9CEB8-8B4A-11D0-8D11-00A0C91BC942}") = "ALL_BUILD", "ALL_BUILD.vcxproj", "{9B7E28AC-E846-3EE8-8E69-9728DF54BD47}"
	ProjectSection(ProjectDependencies) = postProject
		{8DED3C34-0952-3BE9-926E-5DDEC53147D2} = {8DED3C34-0952-3BE9-926E-5DDEC53147D2}
		{72BE1487-F179-3A03-A45D-06F4B7C5A980} = {72BE1487-F179-3A03-A45D-06F4B7C5A980}
		{A9053B82-FE59-3CBF-8256-25FB47C69AC8} = {A9053B82-FE59-3CBF-8256-25FB47C69AC8}
		{2DF2B558-A1DC-3A49-A280-BC20EAD56621} = {2DF2B558-A1DC-3A49-A280-BC20EAD56621}
		{8FFB5F93-B518-393F-9DCA-867CF0AF44DB} = {8FFB5F93-B518-393F-9DCA-867CF0AF44DB}
		{8F15D584-4850-3795-87F3-32A2B25BFBB7} = {8F15D584-4850-3795-87F3-32A2B25BFBB7}
		{7EC03F20-4A69-3A77-A592-8CBADE310E3C} = {7EC03F20-4A69-3A77-A592-8CBADE310E3C}
		{76888766-E211-3EF5-AE61-8DDDB06C78A5} = {76888766-E211-3EF5-AE61-8DDDB06C78A5}
		{3FD9DBBE-5D57-31E9-9E91-82EA9ECEC3E9} = {3FD9DBBE-5D57-31E9-9E91-82EA9ECEC3E9}
		{61835D88-6133-3C9A-8D97-9BC1F366C5D9} = {61835D88-6133-3C9A-8D97-9BC1F366C5D9}
	EndProjectSection
EndProject
Project("{8BC9CEB8-8B4A-11D0-8D11-00A0C91BC942}") = "HLSL", "..\third_party\glslang\hlsl\HLSL.vcxproj", "{CCFF8927-0043-3205-98CF-873F9E264FF8}"
	ProjectSection(ProjectDependencies) = postProject
		{8DED3C34-0952-3BE9-926E-5DDEC53147D2} = {8DED3C34-0952-3BE9-926E-5DDEC53147D2}
	EndProjectSection
EndProject
Project("{8BC9CEB8-8B4A-11D0-8D11-00A0C91BC942}") = "INSTALL", "INSTALL.vcxproj", "{CF76EE6D-A3DE-303D-A934-65413B37F1F3}"
	ProjectSection(ProjectDependencies) = postProject
		{9B7E28AC-E846-3EE8-8E69-9728DF54BD47} = {9B7E28AC-E846-3EE8-8E69-9728DF54BD47}
		{8DED3C34-0952-3BE9-926E-5DDEC53147D2} = {8DED3C34-0952-3BE9-926E-5DDEC53147D2}
	EndProjectSection
EndProject
Project("{8BC9CEB8-8B4A-11D0-8D11-00A0C91BC942}") = "OGLCompiler", "..\third_party\glslang\OGLCompilersDLL\OGLCompiler.vcxproj", "{6DB7BAA1-BB6D-367A-999E-AAB8F1901C5F}"
	ProjectSection(ProjectDependencies) = postProject
		{8DED3C34-0952-3BE9-926E-5DDEC53147D2} = {8DED3C34-0952-3BE9-926E-5DDEC53147D2}
	EndProjectSection
EndProject
Project("{8BC9CEB8-8B4A-11D0-8D11-00A0C91BC942}") = "OSDependent", "..\third_party\glslang\glslang\OSDependent\Windows\OSDependent.vcxproj", "{AB350629-FF5D-3124-AAF5-49A32EF485DB}"
	ProjectSection(ProjectDependencies) = postProject
		{8DED3C34-0952-3BE9-926E-5DDEC53147D2} = {8DED3C34-0952-3BE9-926E-5DDEC53147D2}
	EndProjectSection
EndProject
Project("{8BC9CEB8-8B4A-11D0-8D11-00A0C91BC942}") = "SPIRV", "..\third_party\glslang\SPIRV\SPIRV.vcxproj", "{116F9F34-CCD2-3CC6-858C-4134689DE0D9}"
	ProjectSection(ProjectDependencies) = postProject
		{8DED3C34-0952-3BE9-926E-5DDEC53147D2} = {8DED3C34-0952-3BE9-926E-5DDEC53147D2}
	EndProjectSection
EndProject
Project("{8BC9CEB8-8B4A-11D0-8D11-00A0C91BC942}") = "SPIRV-Tools", "..\third_party\spirv-tools\source\SPIRV-Tools.vcxproj", "{6CB68859-2D8E-332A-9498-721207DBE1A3}"
	ProjectSection(ProjectDependencies) = postProject
		{8DED3C34-0952-3BE9-926E-5DDEC53147D2} = {8DED3C34-0952-3BE9-926E-5DDEC53147D2}
	EndProjectSection
EndProject
Project("{8BC9CEB8-8B4A-11D0-8D11-00A0C91BC942}") = "ZERO_CHECK", "..\..\..\\ZERO_CHECK.vcxproj", "{8DED3C34-0952-3BE9-926E-5DDEC53147D2}"
	ProjectSection(ProjectDependencies) = postProject
	EndProjectSection
EndProject
Project("{8BC9CEB8-8B4A-11D0-8D11-00A0C91BC942}") = "glslang", "..\third_party\glslang\glslang\glslang.vcxproj", "{EA643AE1-280E-3282-853F-C4DB019B6E7A}"
	ProjectSection(ProjectDependencies) = postProject
		{8DED3C34-0952-3BE9-926E-5DDEC53147D2} = {8DED3C34-0952-3BE9-926E-5DDEC53147D2}
	EndProjectSection
EndProject
Project("{8BC9CEB8-8B4A-11D0-8D11-00A0C91BC942}") = "gmock", "..\third_party\googletest\googlemock\gmock.vcxproj", "{A7CDF6F4-3990-3E87-922C-DBA9D67C4D76}"
	ProjectSection(ProjectDependencies) = postProject
		{8DED3C34-0952-3BE9-926E-5DDEC53147D2} = {8DED3C34-0952-3BE9-926E-5DDEC53147D2}
	EndProjectSection
EndProject
Project("{8BC9CEB8-8B4A-11D0-8D11-00A0C91BC942}") = "gtest", "..\third_party\googletest\googlemock\gtest\gtest.vcxproj", "{A234871E-27AB-3958-AFB0-D6B1D2C04D01}"
	ProjectSection(ProjectDependencies) = postProject
		{8DED3C34-0952-3BE9-926E-5DDEC53147D2} = {8DED3C34-0952-3BE9-926E-5DDEC53147D2}
	EndProjectSection
EndProject
Project("{8BC9CEB8-8B4A-11D0-8D11-00A0C91BC942}") = "gtest_main", "..\third_party\googletest\googlemock\gtest\gtest_main.vcxproj", "{4DE1C94D-4A90-31F5-8414-1A790C1F9024}"
	ProjectSection(ProjectDependencies) = postProject
		{8DED3C34-0952-3BE9-926E-5DDEC53147D2} = {8DED3C34-0952-3BE9-926E-5DDEC53147D2}
		{A234871E-27AB-3958-AFB0-D6B1D2C04D01} = {A234871E-27AB-3958-AFB0-D6B1D2C04D01}
	EndProjectSection
EndProject
Project("{8BC9CEB8-8B4A-11D0-8D11-00A0C91BC942}") = "shaderc_util", "shaderc_util.vcxproj", "{72BE1487-F179-3A03-A45D-06F4B7C5A980}"
	ProjectSection(ProjectDependencies) = postProject
		{CCFF8927-0043-3205-98CF-873F9E264FF8} = {CCFF8927-0043-3205-98CF-873F9E264FF8}
		{6DB7BAA1-BB6D-367A-999E-AAB8F1901C5F} = {6DB7BAA1-BB6D-367A-999E-AAB8F1901C5F}
		{AB350629-FF5D-3124-AAF5-49A32EF485DB} = {AB350629-FF5D-3124-AAF5-49A32EF485DB}
		{116F9F34-CCD2-3CC6-858C-4134689DE0D9} = {116F9F34-CCD2-3CC6-858C-4134689DE0D9}
		{6CB68859-2D8E-332A-9498-721207DBE1A3} = {6CB68859-2D8E-332A-9498-721207DBE1A3}
		{8DED3C34-0952-3BE9-926E-5DDEC53147D2} = {8DED3C34-0952-3BE9-926E-5DDEC53147D2}
		{EA643AE1-280E-3282-853F-C4DB019B6E7A} = {EA643AE1-280E-3282-853F-C4DB019B6E7A}
	EndProjectSection
EndProject
Project("{8BC9CEB8-8B4A-11D0-8D11-00A0C91BC942}") = "shaderc_util_compiler_test", "shaderc_util_compiler_test.vcxproj", "{A9053B82-FE59-3CBF-8256-25FB47C69AC8}"
	ProjectSection(ProjectDependencies) = postProject
		{CCFF8927-0043-3205-98CF-873F9E264FF8} = {CCFF8927-0043-3205-98CF-873F9E264FF8}
		{6DB7BAA1-BB6D-367A-999E-AAB8F1901C5F} = {6DB7BAA1-BB6D-367A-999E-AAB8F1901C5F}
		{AB350629-FF5D-3124-AAF5-49A32EF485DB} = {AB350629-FF5D-3124-AAF5-49A32EF485DB}
		{116F9F34-CCD2-3CC6-858C-4134689DE0D9} = {116F9F34-CCD2-3CC6-858C-4134689DE0D9}
		{6CB68859-2D8E-332A-9498-721207DBE1A3} = {6CB68859-2D8E-332A-9498-721207DBE1A3}
		{8DED3C34-0952-3BE9-926E-5DDEC53147D2} = {8DED3C34-0952-3BE9-926E-5DDEC53147D2}
		{EA643AE1-280E-3282-853F-C4DB019B6E7A} = {EA643AE1-280E-3282-853F-C4DB019B6E7A}
		{A7CDF6F4-3990-3E87-922C-DBA9D67C4D76} = {A7CDF6F4-3990-3E87-922C-DBA9D67C4D76}
		{A234871E-27AB-3958-AFB0-D6B1D2C04D01} = {A234871E-27AB-3958-AFB0-D6B1D2C04D01}
		{4DE1C94D-4A90-31F5-8414-1A790C1F9024} = {4DE1C94D-4A90-31F5-8414-1A790C1F9024}
		{72BE1487-F179-3A03-A45D-06F4B7C5A980} = {72BE1487-F179-3A03-A45D-06F4B7C5A980}
	EndProjectSection
EndProject
Project("{8BC9CEB8-8B4A-11D0-8D11-00A0C91BC942}") = "shaderc_util_counting_includer_test", "shaderc_util_counting_includer_test.vcxproj", "{2DF2B558-A1DC-3A49-A280-BC20EAD56621}"
	ProjectSection(ProjectDependencies) = postProject
		{CCFF8927-0043-3205-98CF-873F9E264FF8} = {CCFF8927-0043-3205-98CF-873F9E264FF8}
		{6DB7BAA1-BB6D-367A-999E-AAB8F1901C5F} = {6DB7BAA1-BB6D-367A-999E-AAB8F1901C5F}
		{AB350629-FF5D-3124-AAF5-49A32EF485DB} = {AB350629-FF5D-3124-AAF5-49A32EF485DB}
		{116F9F34-CCD2-3CC6-858C-4134689DE0D9} = {116F9F34-CCD2-3CC6-858C-4134689DE0D9}
		{6CB68859-2D8E-332A-9498-721207DBE1A3} = {6CB68859-2D8E-332A-9498-721207DBE1A3}
		{8DED3C34-0952-3BE9-926E-5DDEC53147D2} = {8DED3C34-0952-3BE9-926E-5DDEC53147D2}
		{EA643AE1-280E-3282-853F-C4DB019B6E7A} = {EA643AE1-280E-3282-853F-C4DB019B6E7A}
		{A7CDF6F4-3990-3E87-922C-DBA9D67C4D76} = {A7CDF6F4-3990-3E87-922C-DBA9D67C4D76}
		{A234871E-27AB-3958-AFB0-D6B1D2C04D01} = {A234871E-27AB-3958-AFB0-D6B1D2C04D01}
		{4DE1C94D-4A90-31F5-8414-1A790C1F9024} = {4DE1C94D-4A90-31F5-8414-1A790C1F9024}
		{72BE1487-F179-3A03-A45D-06F4B7C5A980} = {72BE1487-F179-3A03-A45D-06F4B7C5A980}
	EndProjectSection
EndProject
Project("{8BC9CEB8-8B4A-11D0-8D11-00A0C91BC942}") = "shaderc_util_file_finder_test", "shaderc_util_file_finder_test.vcxproj", "{8FFB5F93-B518-393F-9DCA-867CF0AF44DB}"
	ProjectSection(ProjectDependencies) = postProject
		{CCFF8927-0043-3205-98CF-873F9E264FF8} = {CCFF8927-0043-3205-98CF-873F9E264FF8}
		{6DB7BAA1-BB6D-367A-999E-AAB8F1901C5F} = {6DB7BAA1-BB6D-367A-999E-AAB8F1901C5F}
		{AB350629-FF5D-3124-AAF5-49A32EF485DB} = {AB350629-FF5D-3124-AAF5-49A32EF485DB}
		{116F9F34-CCD2-3CC6-858C-4134689DE0D9} = {116F9F34-CCD2-3CC6-858C-4134689DE0D9}
		{6CB68859-2D8E-332A-9498-721207DBE1A3} = {6CB68859-2D8E-332A-9498-721207DBE1A3}
		{8DED3C34-0952-3BE9-926E-5DDEC53147D2} = {8DED3C34-0952-3BE9-926E-5DDEC53147D2}
		{EA643AE1-280E-3282-853F-C4DB019B6E7A} = {EA643AE1-280E-3282-853F-C4DB019B6E7A}
		{A7CDF6F4-3990-3E87-922C-DBA9D67C4D76} = {A7CDF6F4-3990-3E87-922C-DBA9D67C4D76}
		{A234871E-27AB-3958-AFB0-D6B1D2C04D01} = {A234871E-27AB-3958-AFB0-D6B1D2C04D01}
		{4DE1C94D-4A90-31F5-8414-1A790C1F9024} = {4DE1C94D-4A90-31F5-8414-1A790C1F9024}
		{72BE1487-F179-3A03-A45D-06F4B7C5A980} = {72BE1487-F179-3A03-A45D-06F4B7C5A980}
		{F4AD85C5-9353-30B8-AB12-719E0CA86AAE} = {F4AD85C5-9353-30B8-AB12-719E0CA86AAE}
	EndProjectSection
EndProject
Project("{8BC9CEB8-8B4A-11D0-8D11-00A0C91BC942}") = "shaderc_util_format_test", "shaderc_util_format_test.vcxproj", "{8F15D584-4850-3795-87F3-32A2B25BFBB7}"
	ProjectSection(ProjectDependencies) = postProject
		{CCFF8927-0043-3205-98CF-873F9E264FF8} = {CCFF8927-0043-3205-98CF-873F9E264FF8}
		{6DB7BAA1-BB6D-367A-999E-AAB8F1901C5F} = {6DB7BAA1-BB6D-367A-999E-AAB8F1901C5F}
		{AB350629-FF5D-3124-AAF5-49A32EF485DB} = {AB350629-FF5D-3124-AAF5-49A32EF485DB}
		{116F9F34-CCD2-3CC6-858C-4134689DE0D9} = {116F9F34-CCD2-3CC6-858C-4134689DE0D9}
		{6CB68859-2D8E-332A-9498-721207DBE1A3} = {6CB68859-2D8E-332A-9498-721207DBE1A3}
		{8DED3C34-0952-3BE9-926E-5DDEC53147D2} = {8DED3C34-0952-3BE9-926E-5DDEC53147D2}
		{EA643AE1-280E-3282-853F-C4DB019B6E7A} = {EA643AE1-280E-3282-853F-C4DB019B6E7A}
		{A7CDF6F4-3990-3E87-922C-DBA9D67C4D76} = {A7CDF6F4-3990-3E87-922C-DBA9D67C4D76}
		{A234871E-27AB-3958-AFB0-D6B1D2C04D01} = {A234871E-27AB-3958-AFB0-D6B1D2C04D01}
		{4DE1C94D-4A90-31F5-8414-1A790C1F9024} = {4DE1C94D-4A90-31F5-8414-1A790C1F9024}
		{72BE1487-F179-3A03-A45D-06F4B7C5A980} = {72BE1487-F179-3A03-A45D-06F4B7C5A980}
	EndProjectSection
EndProject
Project("{8BC9CEB8-8B4A-11D0-8D11-00A0C91BC942}") = "shaderc_util_io_test", "shaderc_util_io_test.vcxproj", "{7EC03F20-4A69-3A77-A592-8CBADE310E3C}"
	ProjectSection(ProjectDependencies) = postProject
		{CCFF8927-0043-3205-98CF-873F9E264FF8} = {CCFF8927-0043-3205-98CF-873F9E264FF8}
		{6DB7BAA1-BB6D-367A-999E-AAB8F1901C5F} = {6DB7BAA1-BB6D-367A-999E-AAB8F1901C5F}
		{AB350629-FF5D-3124-AAF5-49A32EF485DB} = {AB350629-FF5D-3124-AAF5-49A32EF485DB}
		{116F9F34-CCD2-3CC6-858C-4134689DE0D9} = {116F9F34-CCD2-3CC6-858C-4134689DE0D9}
		{6CB68859-2D8E-332A-9498-721207DBE1A3} = {6CB68859-2D8E-332A-9498-721207DBE1A3}
		{8DED3C34-0952-3BE9-926E-5DDEC53147D2} = {8DED3C34-0952-3BE9-926E-5DDEC53147D2}
		{EA643AE1-280E-3282-853F-C4DB019B6E7A} = {EA643AE1-280E-3282-853F-C4DB019B6E7A}
		{A7CDF6F4-3990-3E87-922C-DBA9D67C4D76} = {A7CDF6F4-3990-3E87-922C-DBA9D67C4D76}
		{A234871E-27AB-3958-AFB0-D6B1D2C04D01} = {A234871E-27AB-3958-AFB0-D6B1D2C04D01}
		{4DE1C94D-4A90-31F5-8414-1A790C1F9024} = {4DE1C94D-4A90-31F5-8414-1A790C1F9024}
		{72BE1487-F179-3A03-A45D-06F4B7C5A980} = {72BE1487-F179-3A03-A45D-06F4B7C5A980}
		{F4AD85C5-9353-30B8-AB12-719E0CA86AAE} = {F4AD85C5-9353-30B8-AB12-719E0CA86AAE}
	EndProjectSection
EndProject
Project("{8BC9CEB8-8B4A-11D0-8D11-00A0C91BC942}") = "shaderc_util_message_test", "shaderc_util_message_test.vcxproj", "{76888766-E211-3EF5-AE61-8DDDB06C78A5}"
	ProjectSection(ProjectDependencies) = postProject
		{CCFF8927-0043-3205-98CF-873F9E264FF8} = {CCFF8927-0043-3205-98CF-873F9E264FF8}
		{6DB7BAA1-BB6D-367A-999E-AAB8F1901C5F} = {6DB7BAA1-BB6D-367A-999E-AAB8F1901C5F}
		{AB350629-FF5D-3124-AAF5-49A32EF485DB} = {AB350629-FF5D-3124-AAF5-49A32EF485DB}
		{116F9F34-CCD2-3CC6-858C-4134689DE0D9} = {116F9F34-CCD2-3CC6-858C-4134689DE0D9}
		{6CB68859-2D8E-332A-9498-721207DBE1A3} = {6CB68859-2D8E-332A-9498-721207DBE1A3}
		{8DED3C34-0952-3BE9-926E-5DDEC53147D2} = {8DED3C34-0952-3BE9-926E-5DDEC53147D2}
		{EA643AE1-280E-3282-853F-C4DB019B6E7A} = {EA643AE1-280E-3282-853F-C4DB019B6E7A}
		{A7CDF6F4-3990-3E87-922C-DBA9D67C4D76} = {A7CDF6F4-3990-3E87-922C-DBA9D67C4D76}
		{A234871E-27AB-3958-AFB0-D6B1D2C04D01} = {A234871E-27AB-3958-AFB0-D6B1D2C04D01}
		{4DE1C94D-4A90-31F5-8414-1A790C1F9024} = {4DE1C94D-4A90-31F5-8414-1A790C1F9024}
		{72BE1487-F179-3A03-A45D-06F4B7C5A980} = {72BE1487-F179-3A03-A45D-06F4B7C5A980}
	EndProjectSection
EndProject
Project("{8BC9CEB8-8B4A-11D0-8D11-00A0C91BC942}") = "shaderc_util_mutex_test", "shaderc_util_mutex_test.vcxproj", "{3FD9DBBE-5D57-31E9-9E91-82EA9ECEC3E9}"
	ProjectSection(ProjectDependencies) = postProject
		{CCFF8927-0043-3205-98CF-873F9E264FF8} = {CCFF8927-0043-3205-98CF-873F9E264FF8}
		{6DB7BAA1-BB6D-367A-999E-AAB8F1901C5F} = {6DB7BAA1-BB6D-367A-999E-AAB8F1901C5F}
		{AB350629-FF5D-3124-AAF5-49A32EF485DB} = {AB350629-FF5D-3124-AAF5-49A32EF485DB}
		{116F9F34-CCD2-3CC6-858C-4134689DE0D9} = {116F9F34-CCD2-3CC6-858C-4134689DE0D9}
		{6CB68859-2D8E-332A-9498-721207DBE1A3} = {6CB68859-2D8E-332A-9498-721207DBE1A3}
		{8DED3C34-0952-3BE9-926E-5DDEC53147D2} = {8DED3C34-0952-3BE9-926E-5DDEC53147D2}
		{EA643AE1-280E-3282-853F-C4DB019B6E7A} = {EA643AE1-280E-3282-853F-C4DB019B6E7A}
		{A7CDF6F4-3990-3E87-922C-DBA9D67C4D76} = {A7CDF6F4-3990-3E87-922C-DBA9D67C4D76}
		{A234871E-27AB-3958-AFB0-D6B1D2C04D01} = {A234871E-27AB-3958-AFB0-D6B1D2C04D01}
		{4DE1C94D-4A90-31F5-8414-1A790C1F9024} = {4DE1C94D-4A90-31F5-8414-1A790C1F9024}
		{72BE1487-F179-3A03-A45D-06F4B7C5A980} = {72BE1487-F179-3A03-A45D-06F4B7C5A980}
	EndProjectSection
EndProject
Project("{8BC9CEB8-8B4A-11D0-8D11-00A0C91BC942}") = "shaderc_util_string_piece_test", "shaderc_util_string_piece_test.vcxproj", "{61835D88-6133-3C9A-8D97-9BC1F366C5D9}"
	ProjectSection(ProjectDependencies) = postProject
		{CCFF8927-0043-3205-98CF-873F9E264FF8} = {CCFF8927-0043-3205-98CF-873F9E264FF8}
		{6DB7BAA1-BB6D-367A-999E-AAB8F1901C5F} = {6DB7BAA1-BB6D-367A-999E-AAB8F1901C5F}
		{AB350629-FF5D-3124-AAF5-49A32EF485DB} = {AB350629-FF5D-3124-AAF5-49A32EF485DB}
		{116F9F34-CCD2-3CC6-858C-4134689DE0D9} = {116F9F34-CCD2-3CC6-858C-4134689DE0D9}
		{6CB68859-2D8E-332A-9498-721207DBE1A3} = {6CB68859-2D8E-332A-9498-721207DBE1A3}
		{8DED3C34-0952-3BE9-926E-5DDEC53147D2} = {8DED3C34-0952-3BE9-926E-5DDEC53147D2}
		{EA643AE1-280E-3282-853F-C4DB019B6E7A} = {EA643AE1-280E-3282-853F-C4DB019B6E7A}
		{A7CDF6F4-3990-3E87-922C-DBA9D67C4D76} = {A7CDF6F4-3990-3E87-922C-DBA9D67C4D76}
		{A234871E-27AB-3958-AFB0-D6B1D2C04D01} = {A234871E-27AB-3958-AFB0-D6B1D2C04D01}
		{4DE1C94D-4A90-31F5-8414-1A790C1F9024} = {4DE1C94D-4A90-31F5-8414-1A790C1F9024}
		{72BE1487-F179-3A03-A45D-06F4B7C5A980} = {72BE1487-F179-3A03-A45D-06F4B7C5A980}
	EndProjectSection
EndProject
Project("{8BC9CEB8-8B4A-11D0-8D11-00A0C91BC942}") = "testdata", "testdata.vcxproj", "{F4AD85C5-9353-30B8-AB12-719E0CA86AAE}"
	ProjectSection(ProjectDependencies) = postProject
		{8DED3C34-0952-3BE9-926E-5DDEC53147D2} = {8DED3C34-0952-3BE9-926E-5DDEC53147D2}
	EndProjectSection
EndProject
Global
	GlobalSection(SolutionConfigurationPlatforms) = preSolution
		Debug|Win32 = Debug|Win32
		Release|Win32 = Release|Win32
		MinSizeRel|Win32 = MinSizeRel|Win32
		RelWithDebInfo|Win32 = RelWithDebInfo|Win32
	EndGlobalSection
	GlobalSection(ProjectConfigurationPlatforms) = postSolution
		{9B7E28AC-E846-3EE8-8E69-9728DF54BD47}.Debug|Win32.ActiveCfg = Debug|Win32
		{9B7E28AC-E846-3EE8-8E69-9728DF54BD47}.Debug|Win32.Build.0 = Debug|Win32
		{9B7E28AC-E846-3EE8-8E69-9728DF54BD47}.Release|Win32.ActiveCfg = Release|Win32
		{9B7E28AC-E846-3EE8-8E69-9728DF54BD47}.Release|Win32.Build.0 = Release|Win32
		{9B7E28AC-E846-3EE8-8E69-9728DF54BD47}.MinSizeRel|Win32.ActiveCfg = MinSizeRel|Win32
		{9B7E28AC-E846-3EE8-8E69-9728DF54BD47}.MinSizeRel|Win32.Build.0 = MinSizeRel|Win32
		{9B7E28AC-E846-3EE8-8E69-9728DF54BD47}.RelWithDebInfo|Win32.ActiveCfg = RelWithDebInfo|Win32
		{9B7E28AC-E846-3EE8-8E69-9728DF54BD47}.RelWithDebInfo|Win32.Build.0 = RelWithDebInfo|Win32
		{CCFF8927-0043-3205-98CF-873F9E264FF8}.Debug|Win32.ActiveCfg = Debug|Win32
		{CCFF8927-0043-3205-98CF-873F9E264FF8}.Debug|Win32.Build.0 = Debug|Win32
		{CCFF8927-0043-3205-98CF-873F9E264FF8}.Release|Win32.ActiveCfg = Release|Win32
		{CCFF8927-0043-3205-98CF-873F9E264FF8}.Release|Win32.Build.0 = Release|Win32
		{CCFF8927-0043-3205-98CF-873F9E264FF8}.MinSizeRel|Win32.ActiveCfg = MinSizeRel|Win32
		{CCFF8927-0043-3205-98CF-873F9E264FF8}.MinSizeRel|Win32.Build.0 = MinSizeRel|Win32
		{CCFF8927-0043-3205-98CF-873F9E264FF8}.RelWithDebInfo|Win32.ActiveCfg = RelWithDebInfo|Win32
		{CCFF8927-0043-3205-98CF-873F9E264FF8}.RelWithDebInfo|Win32.Build.0 = RelWithDebInfo|Win32
		{CF76EE6D-A3DE-303D-A934-65413B37F1F3}.Debug|Win32.ActiveCfg = Debug|Win32
		{CF76EE6D-A3DE-303D-A934-65413B37F1F3}.Release|Win32.ActiveCfg = Release|Win32
		{CF76EE6D-A3DE-303D-A934-65413B37F1F3}.MinSizeRel|Win32.ActiveCfg = MinSizeRel|Win32
		{CF76EE6D-A3DE-303D-A934-65413B37F1F3}.RelWithDebInfo|Win32.ActiveCfg = RelWithDebInfo|Win32
		{6DB7BAA1-BB6D-367A-999E-AAB8F1901C5F}.Debug|Win32.ActiveCfg = Debug|Win32
		{6DB7BAA1-BB6D-367A-999E-AAB8F1901C5F}.Debug|Win32.Build.0 = Debug|Win32
		{6DB7BAA1-BB6D-367A-999E-AAB8F1901C5F}.Release|Win32.ActiveCfg = Release|Win32
		{6DB7BAA1-BB6D-367A-999E-AAB8F1901C5F}.Release|Win32.Build.0 = Release|Win32
		{6DB7BAA1-BB6D-367A-999E-AAB8F1901C5F}.MinSizeRel|Win32.ActiveCfg = MinSizeRel|Win32
		{6DB7BAA1-BB6D-367A-999E-AAB8F1901C5F}.MinSizeRel|Win32.Build.0 = MinSizeRel|Win32
		{6DB7BAA1-BB6D-367A-999E-AAB8F1901C5F}.RelWithDebInfo|Win32.ActiveCfg = RelWithDebInfo|Win32
		{6DB7BAA1-BB6D-367A-999E-AAB8F1901C5F}.RelWithDebInfo|Win32.Build.0 = RelWithDebInfo|Win32
		{AB350629-FF5D-3124-AAF5-49A32EF485DB}.Debug|Win32.ActiveCfg = Debug|Win32
		{AB350629-FF5D-3124-AAF5-49A32EF485DB}.Debug|Win32.Build.0 = Debug|Win32
		{AB350629-FF5D-3124-AAF5-49A32EF485DB}.Release|Win32.ActiveCfg = Release|Win32
		{AB350629-FF5D-3124-AAF5-49A32EF485DB}.Release|Win32.Build.0 = Release|Win32
		{AB350629-FF5D-3124-AAF5-49A32EF485DB}.MinSizeRel|Win32.ActiveCfg = MinSizeRel|Win32
		{AB350629-FF5D-3124-AAF5-49A32EF485DB}.MinSizeRel|Win32.Build.0 = MinSizeRel|Win32
		{AB350629-FF5D-3124-AAF5-49A32EF485DB}.RelWithDebInfo|Win32.ActiveCfg = RelWithDebInfo|Win32
		{AB350629-FF5D-3124-AAF5-49A32EF485DB}.RelWithDebInfo|Win32.Build.0 = RelWithDebInfo|Win32
		{116F9F34-CCD2-3CC6-858C-4134689DE0D9}.Debug|Win32.ActiveCfg = Debug|Win32
		{116F9F34-CCD2-3CC6-858C-4134689DE0D9}.Debug|Win32.Build.0 = Debug|Win32
		{116F9F34-CCD2-3CC6-858C-4134689DE0D9}.Release|Win32.ActiveCfg = Release|Win32
		{116F9F34-CCD2-3CC6-858C-4134689DE0D9}.Release|Win32.Build.0 = Release|Win32
		{116F9F34-CCD2-3CC6-858C-4134689DE0D9}.MinSizeRel|Win32.ActiveCfg = MinSizeRel|Win32
		{116F9F34-CCD2-3CC6-858C-4134689DE0D9}.MinSizeRel|Win32.Build.0 = MinSizeRel|Win32
		{116F9F34-CCD2-3CC6-858C-4134689DE0D9}.RelWithDebInfo|Win32.ActiveCfg = RelWithDebInfo|Win32
		{116F9F34-CCD2-3CC6-858C-4134689DE0D9}.RelWithDebInfo|Win32.Build.0 = RelWithDebInfo|Win32
		{6CB68859-2D8E-332A-9498-721207DBE1A3}.Debug|Win32.ActiveCfg = Debug|Win32
		{6CB68859-2D8E-332A-9498-721207DBE1A3}.Debug|Win32.Build.0 = Debug|Win32
		{6CB68859-2D8E-332A-9498-721207DBE1A3}.Release|Win32.ActiveCfg = Release|Win32
		{6CB68859-2D8E-332A-9498-721207DBE1A3}.Release|Win32.Build.0 = Release|Win32
		{6CB68859-2D8E-332A-9498-721207DBE1A3}.MinSizeRel|Win32.ActiveCfg = MinSizeRel|Win32
		{6CB68859-2D8E-332A-9498-721207DBE1A3}.MinSizeRel|Win32.Build.0 = MinSizeRel|Win32
		{6CB68859-2D8E-332A-9498-721207DBE1A3}.RelWithDebInfo|Win32.ActiveCfg = RelWithDebInfo|Win32
		{6CB68859-2D8E-332A-9498-721207DBE1A3}.RelWithDebInfo|Win32.Build.0 = RelWithDebInfo|Win32
		{8DED3C34-0952-3BE9-926E-5DDEC53147D2}.Debug|Win32.ActiveCfg = Debug|Win32
		{8DED3C34-0952-3BE9-926E-5DDEC53147D2}.Debug|Win32.Build.0 = Debug|Win32
		{8DED3C34-0952-3BE9-926E-5DDEC53147D2}.Release|Win32.ActiveCfg = Release|Win32
		{8DED3C34-0952-3BE9-926E-5DDEC53147D2}.Release|Win32.Build.0 = Release|Win32
		{8DED3C34-0952-3BE9-926E-5DDEC53147D2}.MinSizeRel|Win32.ActiveCfg = MinSizeRel|Win32
		{8DED3C34-0952-3BE9-926E-5DDEC53147D2}.MinSizeRel|Win32.Build.0 = MinSizeRel|Win32
		{8DED3C34-0952-3BE9-926E-5DDEC53147D2}.RelWithDebInfo|Win32.ActiveCfg = RelWithDebInfo|Win32
		{8DED3C34-0952-3BE9-926E-5DDEC53147D2}.RelWithDebInfo|Win32.Build.0 = RelWithDebInfo|Win32
		{EA643AE1-280E-3282-853F-C4DB019B6E7A}.Debug|Win32.ActiveCfg = Debug|Win32
		{EA643AE1-280E-3282-853F-C4DB019B6E7A}.Debug|Win32.Build.0 = Debug|Win32
		{EA643AE1-280E-3282-853F-C4DB019B6E7A}.Release|Win32.ActiveCfg = Release|Win32
		{EA643AE1-280E-3282-853F-C4DB019B6E7A}.Release|Win32.Build.0 = Release|Win32
		{EA643AE1-280E-3282-853F-C4DB019B6E7A}.MinSizeRel|Win32.ActiveCfg = MinSizeRel|Win32
		{EA643AE1-280E-3282-853F-C4DB019B6E7A}.MinSizeRel|Win32.Build.0 = MinSizeRel|Win32
		{EA643AE1-280E-3282-853F-C4DB019B6E7A}.RelWithDebInfo|Win32.ActiveCfg = RelWithDebInfo|Win32
		{EA643AE1-280E-3282-853F-C4DB019B6E7A}.RelWithDebInfo|Win32.Build.0 = RelWithDebInfo|Win32
		{A7CDF6F4-3990-3E87-922C-DBA9D67C4D76}.Debug|Win32.ActiveCfg = Debug|Win32
		{A7CDF6F4-3990-3E87-922C-DBA9D67C4D76}.Debug|Win32.Build.0 = Debug|Win32
		{A7CDF6F4-3990-3E87-922C-DBA9D67C4D76}.Release|Win32.ActiveCfg = Release|Win32
		{A7CDF6F4-3990-3E87-922C-DBA9D67C4D76}.Release|Win32.Build.0 = Release|Win32
		{A7CDF6F4-3990-3E87-922C-DBA9D67C4D76}.MinSizeRel|Win32.ActiveCfg = MinSizeRel|Win32
		{A7CDF6F4-3990-3E87-922C-DBA9D67C4D76}.MinSizeRel|Win32.Build.0 = MinSizeRel|Win32
		{A7CDF6F4-3990-3E87-922C-DBA9D67C4D76}.RelWithDebInfo|Win32.ActiveCfg = RelWithDebInfo|Win32
		{A7CDF6F4-3990-3E87-922C-DBA9D67C4D76}.RelWithDebInfo|Win32.Build.0 = RelWithDebInfo|Win32
		{A234871E-27AB-3958-AFB0-D6B1D2C04D01}.Debug|Win32.ActiveCfg = Debug|Win32
		{A234871E-27AB-3958-AFB0-D6B1D2C04D01}.Debug|Win32.Build.0 = Debug|Win32
		{A234871E-27AB-3958-AFB0-D6B1D2C04D01}.Release|Win32.ActiveCfg = Release|Win32
		{A234871E-27AB-3958-AFB0-D6B1D2C04D01}.Release|Win32.Build.0 = Release|Win32
		{A234871E-27AB-3958-AFB0-D6B1D2C04D01}.MinSizeRel|Win32.ActiveCfg = MinSizeRel|Win32
		{A234871E-27AB-3958-AFB0-D6B1D2C04D01}.MinSizeRel|Win32.Build.0 = MinSizeRel|Win32
		{A234871E-27AB-3958-AFB0-D6B1D2C04D01}.RelWithDebInfo|Win32.ActiveCfg = RelWithDebInfo|Win32
		{A234871E-27AB-3958-AFB0-D6B1D2C04D01}.RelWithDebInfo|Win32.Build.0 = RelWithDebInfo|Win32
		{4DE1C94D-4A90-31F5-8414-1A790C1F9024}.Debug|Win32.ActiveCfg = Debug|Win32
		{4DE1C94D-4A90-31F5-8414-1A790C1F9024}.Debug|Win32.Build.0 = Debug|Win32
		{4DE1C94D-4A90-31F5-8414-1A790C1F9024}.Release|Win32.ActiveCfg = Release|Win32
		{4DE1C94D-4A90-31F5-8414-1A790C1F9024}.Release|Win32.Build.0 = Release|Win32
		{4DE1C94D-4A90-31F5-8414-1A790C1F9024}.MinSizeRel|Win32.ActiveCfg = MinSizeRel|Win32
		{4DE1C94D-4A90-31F5-8414-1A790C1F9024}.MinSizeRel|Win32.Build.0 = MinSizeRel|Win32
		{4DE1C94D-4A90-31F5-8414-1A790C1F9024}.RelWithDebInfo|Win32.ActiveCfg = RelWithDebInfo|Win32
		{4DE1C94D-4A90-31F5-8414-1A790C1F9024}.RelWithDebInfo|Win32.Build.0 = RelWithDebInfo|Win32
		{72BE1487-F179-3A03-A45D-06F4B7C5A980}.Debug|Win32.ActiveCfg = Debug|Win32
		{72BE1487-F179-3A03-A45D-06F4B7C5A980}.Debug|Win32.Build.0 = Debug|Win32
		{72BE1487-F179-3A03-A45D-06F4B7C5A980}.Release|Win32.ActiveCfg = Release|Win32
		{72BE1487-F179-3A03-A45D-06F4B7C5A980}.Release|Win32.Build.0 = Release|Win32
		{72BE1487-F179-3A03-A45D-06F4B7C5A980}.MinSizeRel|Win32.ActiveCfg = MinSizeRel|Win32
		{72BE1487-F179-3A03-A45D-06F4B7C5A980}.MinSizeRel|Win32.Build.0 = MinSizeRel|Win32
		{72BE1487-F179-3A03-A45D-06F4B7C5A980}.RelWithDebInfo|Win32.ActiveCfg = RelWithDebInfo|Win32
		{72BE1487-F179-3A03-A45D-06F4B7C5A980}.RelWithDebInfo|Win32.Build.0 = RelWithDebInfo|Win32
		{A9053B82-FE59-3CBF-8256-25FB47C69AC8}.Debug|Win32.ActiveCfg = Debug|Win32
		{A9053B82-FE59-3CBF-8256-25FB47C69AC8}.Debug|Win32.Build.0 = Debug|Win32
		{A9053B82-FE59-3CBF-8256-25FB47C69AC8}.Release|Win32.ActiveCfg = Release|Win32
		{A9053B82-FE59-3CBF-8256-25FB47C69AC8}.Release|Win32.Build.0 = Release|Win32
		{A9053B82-FE59-3CBF-8256-25FB47C69AC8}.MinSizeRel|Win32.ActiveCfg = MinSizeRel|Win32
		{A9053B82-FE59-3CBF-8256-25FB47C69AC8}.MinSizeRel|Win32.Build.0 = MinSizeRel|Win32
		{A9053B82-FE59-3CBF-8256-25FB47C69AC8}.RelWithDebInfo|Win32.ActiveCfg = RelWithDebInfo|Win32
		{A9053B82-FE59-3CBF-8256-25FB47C69AC8}.RelWithDebInfo|Win32.Build.0 = RelWithDebInfo|Win32
		{2DF2B558-A1DC-3A49-A280-BC20EAD56621}.Debug|Win32.ActiveCfg = Debug|Win32
		{2DF2B558-A1DC-3A49-A280-BC20EAD56621}.Debug|Win32.Build.0 = Debug|Win32
		{2DF2B558-A1DC-3A49-A280-BC20EAD56621}.Release|Win32.ActiveCfg = Release|Win32
		{2DF2B558-A1DC-3A49-A280-BC20EAD56621}.Release|Win32.Build.0 = Release|Win32
		{2DF2B558-A1DC-3A49-A280-BC20EAD56621}.MinSizeRel|Win32.ActiveCfg = MinSizeRel|Win32
		{2DF2B558-A1DC-3A49-A280-BC20EAD56621}.MinSizeRel|Win32.Build.0 = MinSizeRel|Win32
		{2DF2B558-A1DC-3A49-A280-BC20EAD56621}.RelWithDebInfo|Win32.ActiveCfg = RelWithDebInfo|Win32
		{2DF2B558-A1DC-3A49-A280-BC20EAD56621}.RelWithDebInfo|Win32.Build.0 = RelWithDebInfo|Win32
		{8FFB5F93-B518-393F-9DCA-867CF0AF44DB}.Debug|Win32.ActiveCfg = Debug|Win32
		{8FFB5F93-B518-393F-9DCA-867CF0AF44DB}.Debug|Win32.Build.0 = Debug|Win32
		{8FFB5F93-B518-393F-9DCA-867CF0AF44DB}.Release|Win32.ActiveCfg = Release|Win32
		{8FFB5F93-B518-393F-9DCA-867CF0AF44DB}.Release|Win32.Build.0 = Release|Win32
		{8FFB5F93-B518-393F-9DCA-867CF0AF44DB}.MinSizeRel|Win32.ActiveCfg = MinSizeRel|Win32
		{8FFB5F93-B518-393F-9DCA-867CF0AF44DB}.MinSizeRel|Win32.Build.0 = MinSizeRel|Win32
		{8FFB5F93-B518-393F-9DCA-867CF0AF44DB}.RelWithDebInfo|Win32.ActiveCfg = RelWithDebInfo|Win32
		{8FFB5F93-B518-393F-9DCA-867CF0AF44DB}.RelWithDebInfo|Win32.Build.0 = RelWithDebInfo|Win32
		{8F15D584-4850-3795-87F3-32A2B25BFBB7}.Debug|Win32.ActiveCfg = Debug|Win32
		{8F15D584-4850-3795-87F3-32A2B25BFBB7}.Debug|Win32.Build.0 = Debug|Win32
		{8F15D584-4850-3795-87F3-32A2B25BFBB7}.Release|Win32.ActiveCfg = Release|Win32
		{8F15D584-4850-3795-87F3-32A2B25BFBB7}.Release|Win32.Build.0 = Release|Win32
		{8F15D584-4850-3795-87F3-32A2B25BFBB7}.MinSizeRel|Win32.ActiveCfg = MinSizeRel|Win32
		{8F15D584-4850-3795-87F3-32A2B25BFBB7}.MinSizeRel|Win32.Build.0 = MinSizeRel|Win32
		{8F15D584-4850-3795-87F3-32A2B25BFBB7}.RelWithDebInfo|Win32.ActiveCfg = RelWithDebInfo|Win32
		{8F15D584-4850-3795-87F3-32A2B25BFBB7}.RelWithDebInfo|Win32.Build.0 = RelWithDebInfo|Win32
		{7EC03F20-4A69-3A77-A592-8CBADE310E3C}.Debug|Win32.ActiveCfg = Debug|Win32
		{7EC03F20-4A69-3A77-A592-8CBADE310E3C}.Debug|Win32.Build.0 = Debug|Win32
		{7EC03F20-4A69-3A77-A592-8CBADE310E3C}.Release|Win32.ActiveCfg = Release|Win32
		{7EC03F20-4A69-3A77-A592-8CBADE310E3C}.Release|Win32.Build.0 = Release|Win32
		{7EC03F20-4A69-3A77-A592-8CBADE310E3C}.MinSizeRel|Win32.ActiveCfg = MinSizeRel|Win32
		{7EC03F20-4A69-3A77-A592-8CBADE310E3C}.MinSizeRel|Win32.Build.0 = MinSizeRel|Win32
		{7EC03F20-4A69-3A77-A592-8CBADE310E3C}.RelWithDebInfo|Win32.ActiveCfg = RelWithDebInfo|Win32
		{7EC03F20-4A69-3A77-A592-8CBADE310E3C}.RelWithDebInfo|Win32.Build.0 = RelWithDebInfo|Win32
		{76888766-E211-3EF5-AE61-8DDDB06C78A5}.Debug|Win32.ActiveCfg = Debug|Win32
		{76888766-E211-3EF5-AE61-8DDDB06C78A5}.Debug|Win32.Build.0 = Debug|Win32
		{76888766-E211-3EF5-AE61-8DDDB06C78A5}.Release|Win32.ActiveCfg = Release|Win32
		{76888766-E211-3EF5-AE61-8DDDB06C78A5}.Release|Win32.Build.0 = Release|Win32
		{76888766-E211-3EF5-AE61-8DDDB06C78A5}.MinSizeRel|Win32.ActiveCfg = MinSizeRel|Win32
		{76888766-E211-3EF5-AE61-8DDDB06C78A5}.MinSizeRel|Win32.Build.0 = MinSizeRel|Win32
		{76888766-E211-3EF5-AE61-8DDDB06C78A5}.RelWithDebInfo|Win32.ActiveCfg = RelWithDebInfo|Win32
		{76888766-E211-3EF5-AE61-8DDDB06C78A5}.RelWithDebInfo|Win32.Build.0 = RelWithDebInfo|Win32
		{3FD9DBBE-5D57-31E9-9E91-82EA9ECEC3E9}.Debug|Win32.ActiveCfg = Debug|Win32
		{3FD9DBBE-5D57-31E9-9E91-82EA9ECEC3E9}.Debug|Win32.Build.0 = Debug|Win32
		{3FD9DBBE-5D57-31E9-9E91-82EA9ECEC3E9}.Release|Win32.ActiveCfg = Release|Win32
		{3FD9DBBE-5D57-31E9-9E91-82EA9ECEC3E9}.Release|Win32.Build.0 = Release|Win32
		{3FD9DBBE-5D57-31E9-9E91-82EA9ECEC3E9}.MinSizeRel|Win32.ActiveCfg = MinSizeRel|Win32
		{3FD9DBBE-5D57-31E9-9E91-82EA9ECEC3E9}.MinSizeRel|Win32.Build.0 = MinSizeRel|Win32
		{3FD9DBBE-5D57-31E9-9E91-82EA9ECEC3E9}.RelWithDebInfo|Win32.ActiveCfg = RelWithDebInfo|Win32
		{3FD9DBBE-5D57-31E9-9E91-82EA9ECEC3E9}.RelWithDebInfo|Win32.Build.0 = RelWithDebInfo|Win32
		{61835D88-6133-3C9A-8D97-9BC1F366C5D9}.Debug|Win32.ActiveCfg = Debug|Win32
		{61835D88-6133-3C9A-8D97-9BC1F366C5D9}.Debug|Win32.Build.0 = Debug|Win32
		{61835D88-6133-3C9A-8D97-9BC1F366C5D9}.Release|Win32.ActiveCfg = Release|Win32
		{61835D88-6133-3C9A-8D97-9BC1F366C5D9}.Release|Win32.Build.0 = Release|Win32
		{61835D88-6133-3C9A-8D97-9BC1F366C5D9}.MinSizeRel|Win32.ActiveCfg = MinSizeRel|Win32
		{61835D88-6133-3C9A-8D97-9BC1F366C5D9}.MinSizeRel|Win32.Build.0 = MinSizeRel|Win32
		{61835D88-6133-3C9A-8D97-9BC1F366C5D9}.RelWithDebInfo|Win32.ActiveCfg = RelWithDebInfo|Win32
		{61835D88-6133-3C9A-8D97-9BC1F366C5D9}.RelWithDebInfo|Win32.Build.0 = RelWithDebInfo|Win32
		{F4AD85C5-9353-30B8-AB12-719E0CA86AAE}.Debug|Win32.ActiveCfg = Debug|Win32
		{F4AD85C5-9353-30B8-AB12-719E0CA86AAE}.Debug|Win32.Build.0 = Debug|Win32
		{F4AD85C5-9353-30B8-AB12-719E0CA86AAE}.Release|Win32.ActiveCfg = Release|Win32
		{F4AD85C5-9353-30B8-AB12-719E0CA86AAE}.Release|Win32.Build.0 = Release|Win32
		{F4AD85C5-9353-30B8-AB12-719E0CA86AAE}.MinSizeRel|Win32.ActiveCfg = MinSizeRel|Win32
		{F4AD85C5-9353-30B8-AB12-719E0CA86AAE}.MinSizeRel|Win32.Build.0 = MinSizeRel|Win32
		{F4AD85C5-9353-30B8-AB12-719E0CA86AAE}.RelWithDebInfo|Win32.ActiveCfg = RelWithDebInfo|Win32
		{F4AD85C5-9353-30B8-AB12-719E0CA86AAE}.RelWithDebInfo|Win32.Build.0 = RelWithDebInfo|Win32
	EndGlobalSection
	GlobalSection(NestedProjects) = preSolution
		{9B7E28AC-E846-3EE8-8E69-9728DF54BD47} = {55D07551-B8D9-3C08-8798-ECC52A2433B0}
		{CF76EE6D-A3DE-303D-A934-65413B37F1F3} = {55D07551-B8D9-3C08-8798-ECC52A2433B0}
		{8DED3C34-0952-3BE9-926E-5DDEC53147D2} = {55D07551-B8D9-3C08-8798-ECC52A2433B0}
		{6DB7BAA1-BB6D-367A-999E-AAB8F1901C5F} = {92399E1E-B055-334B-A506-F8157E6C6CD6}
		{AB350629-FF5D-3124-AAF5-49A32EF485DB} = {92399E1E-B055-334B-A506-F8157E6C6CD6}
		{116F9F34-CCD2-3CC6-858C-4134689DE0D9} = {92399E1E-B055-334B-A506-F8157E6C6CD6}
		{EA643AE1-280E-3282-853F-C4DB019B6E7A} = {92399E1E-B055-334B-A506-F8157E6C6CD6}
		{CCFF8927-0043-3205-98CF-873F9E264FF8} = {B9832787-47E3-30B2-85D2-9F7A3B3A1968}
	EndGlobalSection
	GlobalSection(ExtensibilityGlobals) = postSolution
	EndGlobalSection
	GlobalSection(ExtensibilityAddIns) = postSolution
	EndGlobalSection
EndGlobal
