<?xml version="1.0" encoding="UTF-8"?>
<Project ToolsVersion="14.0" xmlns="http://schemas.microsoft.com/developer/msbuild/2003">
  <ItemGroup>
    <ClCompile Include="C:\Users\ziyad\Documents\SPIRV-viewer\source\main.cpp">
      <Filter>Source Files</Filter>
    </ClCompile>
    <ClCompile Include="C:\Users\ziyad\Documents\SPIRV-viewer\source\tool_framework.cpp">
      <Filter>Source Files</Filter>
    </ClCompile>
    <ClCompile Include="C:\Users\ziyad\Documents\SPIRV-viewer\source\tool_SPIRVviewer.cpp">
      <Filter>Source Files</Filter>
    </ClCompile>
    <ClCompile Include="C:\Users\ziyad\Documents\SPIRV-viewer\lib\include\imgui\imgui.cpp">
      <Filter>Source Files</Filter>
    </ClCompile>
    <ClCompile Include="C:\Users\ziyad\Documents\SPIRV-viewer\source\imgui_draw.cpp">
      <Filter>Source Files</Filter>
    </ClCompile>
    <ClCompile Include="C:\Users\ziyad\Documents\SPIRV-viewer\source\imgui_demo.cpp">
      <Filter>Source Files</Filter>
    </ClCompile>
    <ClCompile Include="C:\Users\ziyad\Documents\SPIRV-viewer\source\imgui_impl_glfw_gl3.cpp">
      <Filter>Source Files</Filter>
    </ClCompile>
    <ClCompile Include="C:\Users\ziyad\Documents\SPIRV-viewer\lib\src\nfd_common.c">
      <Filter>Source Files</Filter>
    </ClCompile>
    <ClCompile Include="C:\Users\ziyad\Documents\SPIRV-viewer\lib\src\nfd_win.cpp">
      <Filter>Source Files</Filter>
    </ClCompile>
    <ClCompile Include="C:\Users\ziyad\Documents\SPIRV-viewer\lib\src\spirv_cpp.cpp">
      <Filter>Source Files</Filter>
    </ClCompile>
    <ClCompile Include="C:\Users\ziyad\Documents\SPIRV-viewer\lib\src\spirv_cross.cpp">
      <Filter>Source Files</Filter>
    </ClCompile>
    <ClCompile Include="C:\Users\ziyad\Documents\SPIRV-viewer\lib\src\spirv_glsl.cpp">
      <Filter>Source Files</Filter>
    </ClCompile>
    <ClCompile Include="C:\Users\ziyad\Documents\SPIRV-viewer\lib\src\spirv_msl.cpp">
      <Filter>Source Files</Filter>
    </ClCompile>
    <ClCompile Include="C:\Users\ziyad\Documents\SPIRV-viewer\lib\include\GL\gl3w.c">
      <Filter>Source Files</Filter>
    </ClCompile>
  </ItemGroup>
  <ItemGroup>
    <ClInclude Include="C:\Users\ziyad\Documents\SPIRV-viewer\include\tool_framework.hpp">
      <Filter>Header Files</Filter>
    </ClInclude>
    <ClInclude Include="C:\Users\ziyad\Documents\SPIRV-viewer\include\resource.h">
      <Filter>Header Files</Filter>
    </ClInclude>
    <ClInclude Include="C:\Users\ziyad\Documents\SPIRV-viewer\include\tool_SPIRVviewer.hpp">
      <Filter>Header Files</Filter>
    </ClInclude>
    <ClInclude Include="C:\Users\ziyad\Documents\SPIRV-viewer\include\imgui_impl_glfw_gl3.h">
      <Filter>Header Files</Filter>
    </ClInclude>
  </ItemGroup>
  <ItemGroup>
    <CustomBuild Include="C:\Users\ziyad\Documents\SPIRV-viewer\CMakeLists.txt" />
  </ItemGroup>
  <ItemGroup>
    <Filter Include="Source Files">
      <UniqueIdentifier>{DAEB56E6-7EC3-3691-9A77-2119D1D9D2D8}</UniqueIdentifier>
    </Filter>
    <Filter Include="Header Files">
      <UniqueIdentifier>{00CB29F0-C2FB-3FCF-BBD6-A7BB08FF4C95}</UniqueIdentifier>
    </Filter>
  </ItemGroup>
</Project>
