Microsoft Visual Studio Solution File, Format Version 12.00
# Visual Studio 14
Project("{2150E333-8FDC-42A3-9474-1A3956D46DE8}") = "CMakePredefinedTargets", "CMakePredefinedTargets", "{55D07551-B8D9-3C08-8798-ECC52A2433B0}"
EndProject
Project("{2150E333-8FDC-42A3-9474-1A3956D46DE8}") = "glslang", "glslang", "{92399E1E-B055-334B-A506-F8157E6C6CD6}"
EndProject
Project("{2150E333-8FDC-42A3-9474-1A3956D46DE8}") = "hlsl", "hlsl", "{B9832787-47E3-30B2-85D2-9F7A3B3A1968}"
EndProject
Project("{2150E333-8FDC-42A3-9474-1A3956D46DE8}") = "tests", "tests", "{7F35D5A7-BB24-3F7F-BDD5-1441C4675755}"
EndProject
Project("{2150E333-8FDC-42A3-9474-1A3956D46DE8}") = "tools", "tools", "{23337009-8B5F-3A30-9467-DF0EDAE0F8EE}"
EndProject
Project("{8BC9CEB8-8B4A-11D0-8D11-00A0C91BC942}") = "ALL_BUILD", "ALL_BUILD.vcxproj", "{9B7E28AC-E846-3EE8-8E69-9728DF54BD47}"
	ProjectSection(ProjectDependencies) = postProject
		{CCFF8927-0043-3205-98CF-873F9E264FF8} = {CCFF8927-0043-3205-98CF-873F9E264FF8}
		{6DB7BAA1-BB6D-367A-999E-AAB8F1901C5F} = {6DB7BAA1-BB6D-367A-999E-AAB8F1901C5F}
		{AB350629-FF5D-3124-AAF5-49A32EF485DB} = {AB350629-FF5D-3124-AAF5-49A32EF485DB}
		{116F9F34-CCD2-3CC6-858C-4134689DE0D9} = {116F9F34-CCD2-3CC6-858C-4134689DE0D9}
		{6CB68859-2D8E-332A-9498-721207DBE1A3} = {6CB68859-2D8E-332A-9498-721207DBE1A3}
		{4D99B9B0-0B3D-377A-A1BA-FDDF65E1DF1F} = {4D99B9B0-0B3D-377A-A1BA-FDDF65E1DF1F}
		{8DED3C34-0952-3BE9-926E-5DDEC53147D2} = {8DED3C34-0952-3BE9-926E-5DDEC53147D2}
		{AA1C126A-8FD8-3CBB-AB05-B908E4C287A2} = {AA1C126A-8FD8-3CBB-AB05-B908E4C287A2}
		{6A9DF1B0-E256-3D69-B80E-D416336EAD10} = {6A9DF1B0-E256-3D69-B80E-D416336EAD10}
		{EA643AE1-280E-3282-853F-C4DB019B6E7A} = {EA643AE1-280E-3282-853F-C4DB019B6E7A}
		{7EFB350B-1221-3339-8C7A-5032C593C611} = {7EFB350B-1221-3339-8C7A-5032C593C611}
		{B0BC9FF9-8CED-3433-ACBB-7C9692575B54} = {B0BC9FF9-8CED-3433-ACBB-7C9692575B54}
		{2043D646-EBD9-3FCC-B100-8B9407863CFD} = {2043D646-EBD9-3FCC-B100-8B9407863CFD}
		{F2199AEC-64DC-39AE-8040-2A98F3A41F25} = {F2199AEC-64DC-39AE-8040-2A98F3A41F25}
		{2E13B2CE-A015-3070-827F-6289F28502BB} = {2E13B2CE-A015-3070-827F-6289F28502BB}
		{EE0378B5-58BA-3A29-909F-E6BA6541DB79} = {EE0378B5-58BA-3A29-909F-E6BA6541DB79}
		{1A9EA744-6088-3C1D-A607-2002A7E16D4B} = {1A9EA744-6088-3C1D-A607-2002A7E16D4B}
		{A7CDF6F4-3990-3E87-922C-DBA9D67C4D76} = {A7CDF6F4-3990-3E87-922C-DBA9D67C4D76}
		{5FC7328E-C30A-3453-9D04-9B98D3E4D722} = {5FC7328E-C30A-3453-9D04-9B98D3E4D722}
		{A234871E-27AB-3958-AFB0-D6B1D2C04D01} = {A234871E-27AB-3958-AFB0-D6B1D2C04D01}
		{4DE1C94D-4A90-31F5-8414-1A790C1F9024} = {4DE1C94D-4A90-31F5-8414-1A790C1F9024}
		{96A7FD8E-DDA0-3FCB-9C16-C1FCEC4B7C18} = {96A7FD8E-DDA0-3FCB-9C16-C1FCEC4B7C18}
		{F6C364EC-9108-3973-91B3-147550ADC93B} = {F6C364EC-9108-3973-91B3-147550ADC93B}
		{3A08D22C-3222-3792-9A87-A7519EAD4750} = {3A08D22C-3222-3792-9A87-A7519EAD4750}
		{97F97BDB-E447-3934-8AB7-44611FA2942B} = {97F97BDB-E447-3934-8AB7-44611FA2942B}
		{0F11BC3F-A029-39D2-A325-418725DB026E} = {0F11BC3F-A029-39D2-A325-418725DB026E}
		{1360023C-0525-3CDC-BD49-E14C81B76CD6} = {1360023C-0525-3CDC-BD49-E14C81B76CD6}
		{2EF364CE-3A48-3D90-80DF-E14E0361F91C} = {2EF364CE-3A48-3D90-80DF-E14E0361F91C}
		{A18C1CB5-FC52-3355-9AEE-1882352E6E7F} = {A18C1CB5-FC52-3355-9AEE-1882352E6E7F}
		{72BE1487-F179-3A03-A45D-06F4B7C5A980} = {72BE1487-F179-3A03-A45D-06F4B7C5A980}
		{A9053B82-FE59-3CBF-8256-25FB47C69AC8} = {A9053B82-FE59-3CBF-8256-25FB47C69AC8}
		{2DF2B558-A1DC-3A49-A280-BC20EAD56621} = {2DF2B558-A1DC-3A49-A280-BC20EAD56621}
		{8FFB5F93-B518-393F-9DCA-867CF0AF44DB} = {8FFB5F93-B518-393F-9DCA-867CF0AF44DB}
		{8F15D584-4850-3795-87F3-32A2B25BFBB7} = {8F15D584-4850-3795-87F3-32A2B25BFBB7}
		{7EC03F20-4A69-3A77-A592-8CBADE310E3C} = {7EC03F20-4A69-3A77-A592-8CBADE310E3C}
		{76888766-E211-3EF5-AE61-8DDDB06C78A5} = {76888766-E211-3EF5-AE61-8DDDB06C78A5}
		{3FD9DBBE-5D57-31E9-9E91-82EA9ECEC3E9} = {3FD9DBBE-5D57-31E9-9E91-82EA9ECEC3E9}
		{61835D88-6133-3C9A-8D97-9BC1F366C5D9} = {61835D88-6133-3C9A-8D97-9BC1F366C5D9}
		{22103E86-B949-3D5C-A468-CFF6C5CF3C2A} = {22103E86-B949-3D5C-A468-CFF6C5CF3C2A}
		{D8B91BF6-A9C4-3029-836A-98FCDCE719C0} = {D8B91BF6-A9C4-3029-836A-98FCDCE719C0}
		{BE1FA7B7-A7AB-30CD-8519-69C84ED5F901} = {BE1FA7B7-A7AB-30CD-8519-69C84ED5F901}
		{2FE68577-A4A5-3445-AB97-B89CF5BD010A} = {2FE68577-A4A5-3445-AB97-B89CF5BD010A}
	EndProjectSection
EndProject
Project("{8BC9CEB8-8B4A-11D0-8D11-00A0C91BC942}") = "HLSL", "third_party\glslang\hlsl\HLSL.vcxproj", "{CCFF8927-0043-3205-98CF-873F9E264FF8}"
	ProjectSection(ProjectDependencies) = postProject
		{8DED3C34-0952-3BE9-926E-5DDEC53147D2} = {8DED3C34-0952-3BE9-926E-5DDEC53147D2}
	EndProjectSection
EndProject
Project("{8BC9CEB8-8B4A-11D0-8D11-00A0C91BC942}") = "INSTALL", "INSTALL.vcxproj", "{CF76EE6D-A3DE-303D-A934-65413B37F1F3}"
	ProjectSection(ProjectDependencies) = postProject
		{9B7E28AC-E846-3EE8-8E69-9728DF54BD47} = {9B7E28AC-E846-3EE8-8E69-9728DF54BD47}
		{8DED3C34-0952-3BE9-926E-5DDEC53147D2} = {8DED3C34-0952-3BE9-926E-5DDEC53147D2}
	EndProjectSection
EndProject
Project("{8BC9CEB8-8B4A-11D0-8D11-00A0C91BC942}") = "OGLCompiler", "third_party\glslang\OGLCompilersDLL\OGLCompiler.vcxproj", "{6DB7BAA1-BB6D-367A-999E-AAB8F1901C5F}"
	ProjectSection(ProjectDependencies) = postProject
		{8DED3C34-0952-3BE9-926E-5DDEC53147D2} = {8DED3C34-0952-3BE9-926E-5DDEC53147D2}
	EndProjectSection
EndProject
Project("{8BC9CEB8-8B4A-11D0-8D11-00A0C91BC942}") = "OSDependent", "third_party\glslang\glslang\OSDependent\Windows\OSDependent.vcxproj", "{AB350629-FF5D-3124-AAF5-49A32EF485DB}"
	ProjectSection(ProjectDependencies) = postProject
		{8DED3C34-0952-3BE9-926E-5DDEC53147D2} = {8DED3C34-0952-3BE9-926E-5DDEC53147D2}
	EndProjectSection
EndProject
Project("{8BC9CEB8-8B4A-11D0-8D11-00A0C91BC942}") = "SPIRV", "third_party\glslang\SPIRV\SPIRV.vcxproj", "{116F9F34-CCD2-3CC6-858C-4134689DE0D9}"
	ProjectSection(ProjectDependencies) = postProject
		{8DED3C34-0952-3BE9-926E-5DDEC53147D2} = {8DED3C34-0952-3BE9-926E-5DDEC53147D2}
	EndProjectSection
EndProject
Project("{8BC9CEB8-8B4A-11D0-8D11-00A0C91BC942}") = "SPIRV-Tools", "third_party\spirv-tools\source\SPIRV-Tools.vcxproj", "{6CB68859-2D8E-332A-9498-721207DBE1A3}"
	ProjectSection(ProjectDependencies) = postProject
		{8DED3C34-0952-3BE9-926E-5DDEC53147D2} = {8DED3C34-0952-3BE9-926E-5DDEC53147D2}
	EndProjectSection
EndProject
Project("{8BC9CEB8-8B4A-11D0-8D11-00A0C91BC942}") = "UnitSPIRV", "third_party\spirv-tools\test\UnitSPIRV.vcxproj", "{4D99B9B0-0B3D-377A-A1BA-FDDF65E1DF1F}"
	ProjectSection(ProjectDependencies) = postProject
		{6CB68859-2D8E-332A-9498-721207DBE1A3} = {6CB68859-2D8E-332A-9498-721207DBE1A3}
		{8DED3C34-0952-3BE9-926E-5DDEC53147D2} = {8DED3C34-0952-3BE9-926E-5DDEC53147D2}
		{5FC7328E-C30A-3453-9D04-9B98D3E4D722} = {5FC7328E-C30A-3453-9D04-9B98D3E4D722}
	EndProjectSection
EndProject
Project("{8BC9CEB8-8B4A-11D0-8D11-00A0C91BC942}") = "ZERO_CHECK", "..\..\\ZERO_CHECK.vcxproj", "{8DED3C34-0952-3BE9-926E-5DDEC53147D2}"
	ProjectSection(ProjectDependencies) = postProject
	EndProjectSection
EndProject
Project("{8BC9CEB8-8B4A-11D0-8D11-00A0C91BC942}") = "add-copyright", "add-copyright.vcxproj", "{F5F8D96C-7E51-35BD-A3BC-8D23627949E6}"
	ProjectSection(ProjectDependencies) = postProject
		{8DED3C34-0952-3BE9-926E-5DDEC53147D2} = {8DED3C34-0952-3BE9-926E-5DDEC53147D2}
	EndProjectSection
EndProject
Project("{8BC9CEB8-8B4A-11D0-8D11-00A0C91BC942}") = "build-version", "build-version.vcxproj", "{CD275590-66DF-3F90-8716-005305E120EE}"
	ProjectSection(ProjectDependencies) = postProject
		{8DED3C34-0952-3BE9-926E-5DDEC53147D2} = {8DED3C34-0952-3BE9-926E-5DDEC53147D2}
	EndProjectSection
EndProject
Project("{8BC9CEB8-8B4A-11D0-8D11-00A0C91BC942}") = "check-copyright", "check-copyright.vcxproj", "{AA1C126A-8FD8-3CBB-AB05-B908E4C287A2}"
	ProjectSection(ProjectDependencies) = postProject
		{8DED3C34-0952-3BE9-926E-5DDEC53147D2} = {8DED3C34-0952-3BE9-926E-5DDEC53147D2}
	EndProjectSection
EndProject
Project("{8BC9CEB8-8B4A-11D0-8D11-00A0C91BC942}") = "copy-tests-if-necessary", "third_party\copy-tests-if-necessary.vcxproj", "{6A9DF1B0-E256-3D69-B80E-D416336EAD10}"
	ProjectSection(ProjectDependencies) = postProject
		{8DED3C34-0952-3BE9-926E-5DDEC53147D2} = {8DED3C34-0952-3BE9-926E-5DDEC53147D2}
	EndProjectSection
EndProject
Project("{8BC9CEB8-8B4A-11D0-8D11-00A0C91BC942}") = "glslang", "third_party\glslang\glslang\glslang.vcxproj", "{EA643AE1-280E-3282-853F-C4DB019B6E7A}"
	ProjectSection(ProjectDependencies) = postProject
		{8DED3C34-0952-3BE9-926E-5DDEC53147D2} = {8DED3C34-0952-3BE9-926E-5DDEC53147D2}
	EndProjectSection
EndProject
Project("{8BC9CEB8-8B4A-11D0-8D11-00A0C91BC942}") = "glslang-default-resource-limits", "third_party\glslang\StandAlone\glslang-default-resource-limits.vcxproj", "{7EFB350B-1221-3339-8C7A-5032C593C611}"
	ProjectSection(ProjectDependencies) = postProject
		{8DED3C34-0952-3BE9-926E-5DDEC53147D2} = {8DED3C34-0952-3BE9-926E-5DDEC53147D2}
	EndProjectSection
EndProject
Project("{8BC9CEB8-8B4A-11D0-8D11-00A0C91BC942}") = "glslangValidator", "third_party\glslang\StandAlone\glslangValidator.vcxproj", "{B0BC9FF9-8CED-3433-ACBB-7C9692575B54}"
	ProjectSection(ProjectDependencies) = postProject
		{CCFF8927-0043-3205-98CF-873F9E264FF8} = {CCFF8927-0043-3205-98CF-873F9E264FF8}
		{6DB7BAA1-BB6D-367A-999E-AAB8F1901C5F} = {6DB7BAA1-BB6D-367A-999E-AAB8F1901C5F}
		{AB350629-FF5D-3124-AAF5-49A32EF485DB} = {AB350629-FF5D-3124-AAF5-49A32EF485DB}
		{116F9F34-CCD2-3CC6-858C-4134689DE0D9} = {116F9F34-CCD2-3CC6-858C-4134689DE0D9}
		{8DED3C34-0952-3BE9-926E-5DDEC53147D2} = {8DED3C34-0952-3BE9-926E-5DDEC53147D2}
		{EA643AE1-280E-3282-853F-C4DB019B6E7A} = {EA643AE1-280E-3282-853F-C4DB019B6E7A}
		{7EFB350B-1221-3339-8C7A-5032C593C611} = {7EFB350B-1221-3339-8C7A-5032C593C611}
	EndProjectSection
EndProject
Project("{8BC9CEB8-8B4A-11D0-8D11-00A0C91BC942}") = "glslangtests", "third_party\glslang\gtests\glslangtests.vcxproj", "{2043D646-EBD9-3FCC-B100-8B9407863CFD}"
	ProjectSection(ProjectDependencies) = postProject
		{CCFF8927-0043-3205-98CF-873F9E264FF8} = {CCFF8927-0043-3205-98CF-873F9E264FF8}
		{6DB7BAA1-BB6D-367A-999E-AAB8F1901C5F} = {6DB7BAA1-BB6D-367A-999E-AAB8F1901C5F}
		{AB350629-FF5D-3124-AAF5-49A32EF485DB} = {AB350629-FF5D-3124-AAF5-49A32EF485DB}
		{116F9F34-CCD2-3CC6-858C-4134689DE0D9} = {116F9F34-CCD2-3CC6-858C-4134689DE0D9}
		{8DED3C34-0952-3BE9-926E-5DDEC53147D2} = {8DED3C34-0952-3BE9-926E-5DDEC53147D2}
		{EA643AE1-280E-3282-853F-C4DB019B6E7A} = {EA643AE1-280E-3282-853F-C4DB019B6E7A}
		{7EFB350B-1221-3339-8C7A-5032C593C611} = {7EFB350B-1221-3339-8C7A-5032C593C611}
		{A7CDF6F4-3990-3E87-922C-DBA9D67C4D76} = {A7CDF6F4-3990-3E87-922C-DBA9D67C4D76}
	EndProjectSection
EndProject
Project("{8BC9CEB8-8B4A-11D0-8D11-00A0C91BC942}") = "glslc", "glslc\glslc.vcxproj", "{F2199AEC-64DC-39AE-8040-2A98F3A41F25}"
	ProjectSection(ProjectDependencies) = postProject
		{CCFF8927-0043-3205-98CF-873F9E264FF8} = {CCFF8927-0043-3205-98CF-873F9E264FF8}
		{6DB7BAA1-BB6D-367A-999E-AAB8F1901C5F} = {6DB7BAA1-BB6D-367A-999E-AAB8F1901C5F}
		{AB350629-FF5D-3124-AAF5-49A32EF485DB} = {AB350629-FF5D-3124-AAF5-49A32EF485DB}
		{116F9F34-CCD2-3CC6-858C-4134689DE0D9} = {116F9F34-CCD2-3CC6-858C-4134689DE0D9}
		{6CB68859-2D8E-332A-9498-721207DBE1A3} = {6CB68859-2D8E-332A-9498-721207DBE1A3}
		{8DED3C34-0952-3BE9-926E-5DDEC53147D2} = {8DED3C34-0952-3BE9-926E-5DDEC53147D2}
		{EA643AE1-280E-3282-853F-C4DB019B6E7A} = {EA643AE1-280E-3282-853F-C4DB019B6E7A}
		{96A7FD8E-DDA0-3FCB-9C16-C1FCEC4B7C18} = {96A7FD8E-DDA0-3FCB-9C16-C1FCEC4B7C18}
		{72BE1487-F179-3A03-A45D-06F4B7C5A980} = {72BE1487-F179-3A03-A45D-06F4B7C5A980}
	EndProjectSection
EndProject
Project("{8BC9CEB8-8B4A-11D0-8D11-00A0C91BC942}") = "glslc_exe", "glslc\glslc_exe.vcxproj", "{2E13B2CE-A015-3070-827F-6289F28502BB}"
	ProjectSection(ProjectDependencies) = postProject
		{CCFF8927-0043-3205-98CF-873F9E264FF8} = {CCFF8927-0043-3205-98CF-873F9E264FF8}
		{6DB7BAA1-BB6D-367A-999E-AAB8F1901C5F} = {6DB7BAA1-BB6D-367A-999E-AAB8F1901C5F}
		{AB350629-FF5D-3124-AAF5-49A32EF485DB} = {AB350629-FF5D-3124-AAF5-49A32EF485DB}
		{116F9F34-CCD2-3CC6-858C-4134689DE0D9} = {116F9F34-CCD2-3CC6-858C-4134689DE0D9}
		{6CB68859-2D8E-332A-9498-721207DBE1A3} = {6CB68859-2D8E-332A-9498-721207DBE1A3}
		{8DED3C34-0952-3BE9-926E-5DDEC53147D2} = {8DED3C34-0952-3BE9-926E-5DDEC53147D2}
		{CD275590-66DF-3F90-8716-005305E120EE} = {CD275590-66DF-3F90-8716-005305E120EE}
		{EA643AE1-280E-3282-853F-C4DB019B6E7A} = {EA643AE1-280E-3282-853F-C4DB019B6E7A}
		{F2199AEC-64DC-39AE-8040-2A98F3A41F25} = {F2199AEC-64DC-39AE-8040-2A98F3A41F25}
		{96A7FD8E-DDA0-3FCB-9C16-C1FCEC4B7C18} = {96A7FD8E-DDA0-3FCB-9C16-C1FCEC4B7C18}
		{72BE1487-F179-3A03-A45D-06F4B7C5A980} = {72BE1487-F179-3A03-A45D-06F4B7C5A980}
	EndProjectSection
EndProject
Project("{8BC9CEB8-8B4A-11D0-8D11-00A0C91BC942}") = "glslc_file_test", "glslc\glslc_file_test.vcxproj", "{EE0378B5-58BA-3A29-909F-E6BA6541DB79}"
	ProjectSection(ProjectDependencies) = postProject
		{CCFF8927-0043-3205-98CF-873F9E264FF8} = {CCFF8927-0043-3205-98CF-873F9E264FF8}
		{6DB7BAA1-BB6D-367A-999E-AAB8F1901C5F} = {6DB7BAA1-BB6D-367A-999E-AAB8F1901C5F}
		{AB350629-FF5D-3124-AAF5-49A32EF485DB} = {AB350629-FF5D-3124-AAF5-49A32EF485DB}
		{116F9F34-CCD2-3CC6-858C-4134689DE0D9} = {116F9F34-CCD2-3CC6-858C-4134689DE0D9}
		{6CB68859-2D8E-332A-9498-721207DBE1A3} = {6CB68859-2D8E-332A-9498-721207DBE1A3}
		{8DED3C34-0952-3BE9-926E-5DDEC53147D2} = {8DED3C34-0952-3BE9-926E-5DDEC53147D2}
		{EA643AE1-280E-3282-853F-C4DB019B6E7A} = {EA643AE1-280E-3282-853F-C4DB019B6E7A}
		{F2199AEC-64DC-39AE-8040-2A98F3A41F25} = {F2199AEC-64DC-39AE-8040-2A98F3A41F25}
		{A7CDF6F4-3990-3E87-922C-DBA9D67C4D76} = {A7CDF6F4-3990-3E87-922C-DBA9D67C4D76}
		{A234871E-27AB-3958-AFB0-D6B1D2C04D01} = {A234871E-27AB-3958-AFB0-D6B1D2C04D01}
		{4DE1C94D-4A90-31F5-8414-1A790C1F9024} = {4DE1C94D-4A90-31F5-8414-1A790C1F9024}
		{96A7FD8E-DDA0-3FCB-9C16-C1FCEC4B7C18} = {96A7FD8E-DDA0-3FCB-9C16-C1FCEC4B7C18}
		{72BE1487-F179-3A03-A45D-06F4B7C5A980} = {72BE1487-F179-3A03-A45D-06F4B7C5A980}
	EndProjectSection
EndProject
Project("{8BC9CEB8-8B4A-11D0-8D11-00A0C91BC942}") = "glslc_stage_test", "glslc\glslc_stage_test.vcxproj", "{1A9EA744-6088-3C1D-A607-2002A7E16D4B}"
	ProjectSection(ProjectDependencies) = postProject
		{CCFF8927-0043-3205-98CF-873F9E264FF8} = {CCFF8927-0043-3205-98CF-873F9E264FF8}
		{6DB7BAA1-BB6D-367A-999E-AAB8F1901C5F} = {6DB7BAA1-BB6D-367A-999E-AAB8F1901C5F}
		{AB350629-FF5D-3124-AAF5-49A32EF485DB} = {AB350629-FF5D-3124-AAF5-49A32EF485DB}
		{116F9F34-CCD2-3CC6-858C-4134689DE0D9} = {116F9F34-CCD2-3CC6-858C-4134689DE0D9}
		{6CB68859-2D8E-332A-9498-721207DBE1A3} = {6CB68859-2D8E-332A-9498-721207DBE1A3}
		{8DED3C34-0952-3BE9-926E-5DDEC53147D2} = {8DED3C34-0952-3BE9-926E-5DDEC53147D2}
		{EA643AE1-280E-3282-853F-C4DB019B6E7A} = {EA643AE1-280E-3282-853F-C4DB019B6E7A}
		{F2199AEC-64DC-39AE-8040-2A98F3A41F25} = {F2199AEC-64DC-39AE-8040-2A98F3A41F25}
		{A7CDF6F4-3990-3E87-922C-DBA9D67C4D76} = {A7CDF6F4-3990-3E87-922C-DBA9D67C4D76}
		{A234871E-27AB-3958-AFB0-D6B1D2C04D01} = {A234871E-27AB-3958-AFB0-D6B1D2C04D01}
		{4DE1C94D-4A90-31F5-8414-1A790C1F9024} = {4DE1C94D-4A90-31F5-8414-1A790C1F9024}
		{96A7FD8E-DDA0-3FCB-9C16-C1FCEC4B7C18} = {96A7FD8E-DDA0-3FCB-9C16-C1FCEC4B7C18}
		{72BE1487-F179-3A03-A45D-06F4B7C5A980} = {72BE1487-F179-3A03-A45D-06F4B7C5A980}
	EndProjectSection
EndProject
Project("{8BC9CEB8-8B4A-11D0-8D11-00A0C91BC942}") = "gmock", "third_party\googletest\googlemock\gmock.vcxproj", "{A7CDF6F4-3990-3E87-922C-DBA9D67C4D76}"
	ProjectSection(ProjectDependencies) = postProject
		{8DED3C34-0952-3BE9-926E-5DDEC53147D2} = {8DED3C34-0952-3BE9-926E-5DDEC53147D2}
	EndProjectSection
EndProject
Project("{8BC9CEB8-8B4A-11D0-8D11-00A0C91BC942}") = "gmock_main", "third_party\googletest\googlemock\gmock_main.vcxproj", "{5FC7328E-C30A-3453-9D04-9B98D3E4D722}"
	ProjectSection(ProjectDependencies) = postProject
		{8DED3C34-0952-3BE9-926E-5DDEC53147D2} = {8DED3C34-0952-3BE9-926E-5DDEC53147D2}
	EndProjectSection
EndProject
Project("{8BC9CEB8-8B4A-11D0-8D11-00A0C91BC942}") = "gtest", "third_party\googletest\googlemock\gtest\gtest.vcxproj", "{A234871E-27AB-3958-AFB0-D6B1D2C04D01}"
	ProjectSection(ProjectDependencies) = postProject
		{8DED3C34-0952-3BE9-926E-5DDEC53147D2} = {8DED3C34-0952-3BE9-926E-5DDEC53147D2}
	EndProjectSection
EndProject
Project("{8BC9CEB8-8B4A-11D0-8D11-00A0C91BC942}") = "gtest_main", "third_party\googletest\googlemock\gtest\gtest_main.vcxproj", "{4DE1C94D-4A90-31F5-8414-1A790C1F9024}"
	ProjectSection(ProjectDependencies) = postProject
		{8DED3C34-0952-3BE9-926E-5DDEC53147D2} = {8DED3C34-0952-3BE9-926E-5DDEC53147D2}
		{A234871E-27AB-3958-AFB0-D6B1D2C04D01} = {A234871E-27AB-3958-AFB0-D6B1D2C04D01}
	EndProjectSection
EndProject
Project("{8BC9CEB8-8B4A-11D0-8D11-00A0C91BC942}") = "shaderc", "libshaderc\shaderc.vcxproj", "{96A7FD8E-DDA0-3FCB-9C16-C1FCEC4B7C18}"
	ProjectSection(ProjectDependencies) = postProject
		{CCFF8927-0043-3205-98CF-873F9E264FF8} = {CCFF8927-0043-3205-98CF-873F9E264FF8}
		{6DB7BAA1-BB6D-367A-999E-AAB8F1901C5F} = {6DB7BAA1-BB6D-367A-999E-AAB8F1901C5F}
		{AB350629-FF5D-3124-AAF5-49A32EF485DB} = {AB350629-FF5D-3124-AAF5-49A32EF485DB}
		{116F9F34-CCD2-3CC6-858C-4134689DE0D9} = {116F9F34-CCD2-3CC6-858C-4134689DE0D9}
		{6CB68859-2D8E-332A-9498-721207DBE1A3} = {6CB68859-2D8E-332A-9498-721207DBE1A3}
		{8DED3C34-0952-3BE9-926E-5DDEC53147D2} = {8DED3C34-0952-3BE9-926E-5DDEC53147D2}
		{EA643AE1-280E-3282-853F-C4DB019B6E7A} = {EA643AE1-280E-3282-853F-C4DB019B6E7A}
		{72BE1487-F179-3A03-A45D-06F4B7C5A980} = {72BE1487-F179-3A03-A45D-06F4B7C5A980}
	EndProjectSection
EndProject
Project("{8BC9CEB8-8B4A-11D0-8D11-00A0C91BC942}") = "shaderc-online-compile", "examples\online-compile\shaderc-online-compile.vcxproj", "{F6C364EC-9108-3973-91B3-147550ADC93B}"
	ProjectSection(ProjectDependencies) = postProject
		{CCFF8927-0043-3205-98CF-873F9E264FF8} = {CCFF8927-0043-3205-98CF-873F9E264FF8}
		{6DB7BAA1-BB6D-367A-999E-AAB8F1901C5F} = {6DB7BAA1-BB6D-367A-999E-AAB8F1901C5F}
		{AB350629-FF5D-3124-AAF5-49A32EF485DB} = {AB350629-FF5D-3124-AAF5-49A32EF485DB}
		{116F9F34-CCD2-3CC6-858C-4134689DE0D9} = {116F9F34-CCD2-3CC6-858C-4134689DE0D9}
		{6CB68859-2D8E-332A-9498-721207DBE1A3} = {6CB68859-2D8E-332A-9498-721207DBE1A3}
		{8DED3C34-0952-3BE9-926E-5DDEC53147D2} = {8DED3C34-0952-3BE9-926E-5DDEC53147D2}
		{EA643AE1-280E-3282-853F-C4DB019B6E7A} = {EA643AE1-280E-3282-853F-C4DB019B6E7A}
		{96A7FD8E-DDA0-3FCB-9C16-C1FCEC4B7C18} = {96A7FD8E-DDA0-3FCB-9C16-C1FCEC4B7C18}
		{72BE1487-F179-3A03-A45D-06F4B7C5A980} = {72BE1487-F179-3A03-A45D-06F4B7C5A980}
	EndProjectSection
EndProject
Project("{8BC9CEB8-8B4A-11D0-8D11-00A0C91BC942}") = "shaderc_c_smoke_test", "libshaderc\shaderc_c_smoke_test.vcxproj", "{3A08D22C-3222-3792-9A87-A7519EAD4750}"
	ProjectSection(ProjectDependencies) = postProject
		{CCFF8927-0043-3205-98CF-873F9E264FF8} = {CCFF8927-0043-3205-98CF-873F9E264FF8}
		{6DB7BAA1-BB6D-367A-999E-AAB8F1901C5F} = {6DB7BAA1-BB6D-367A-999E-AAB8F1901C5F}
		{AB350629-FF5D-3124-AAF5-49A32EF485DB} = {AB350629-FF5D-3124-AAF5-49A32EF485DB}
		{116F9F34-CCD2-3CC6-858C-4134689DE0D9} = {116F9F34-CCD2-3CC6-858C-4134689DE0D9}
		{6CB68859-2D8E-332A-9498-721207DBE1A3} = {6CB68859-2D8E-332A-9498-721207DBE1A3}
		{8DED3C34-0952-3BE9-926E-5DDEC53147D2} = {8DED3C34-0952-3BE9-926E-5DDEC53147D2}
		{EA643AE1-280E-3282-853F-C4DB019B6E7A} = {EA643AE1-280E-3282-853F-C4DB019B6E7A}
		{96A7FD8E-DDA0-3FCB-9C16-C1FCEC4B7C18} = {96A7FD8E-DDA0-3FCB-9C16-C1FCEC4B7C18}
		{72BE1487-F179-3A03-A45D-06F4B7C5A980} = {72BE1487-F179-3A03-A45D-06F4B7C5A980}
	EndProjectSection
EndProject
Project("{8BC9CEB8-8B4A-11D0-8D11-00A0C91BC942}") = "shaderc_combined_genfile", "libshaderc\shaderc_combined_genfile.vcxproj", "{97F97BDB-E447-3934-8AB7-44611FA2942B}"
	ProjectSection(ProjectDependencies) = postProject
		{CCFF8927-0043-3205-98CF-873F9E264FF8} = {CCFF8927-0043-3205-98CF-873F9E264FF8}
		{6DB7BAA1-BB6D-367A-999E-AAB8F1901C5F} = {6DB7BAA1-BB6D-367A-999E-AAB8F1901C5F}
		{AB350629-FF5D-3124-AAF5-49A32EF485DB} = {AB350629-FF5D-3124-AAF5-49A32EF485DB}
		{116F9F34-CCD2-3CC6-858C-4134689DE0D9} = {116F9F34-CCD2-3CC6-858C-4134689DE0D9}
		{6CB68859-2D8E-332A-9498-721207DBE1A3} = {6CB68859-2D8E-332A-9498-721207DBE1A3}
		{8DED3C34-0952-3BE9-926E-5DDEC53147D2} = {8DED3C34-0952-3BE9-926E-5DDEC53147D2}
		{EA643AE1-280E-3282-853F-C4DB019B6E7A} = {EA643AE1-280E-3282-853F-C4DB019B6E7A}
		{96A7FD8E-DDA0-3FCB-9C16-C1FCEC4B7C18} = {96A7FD8E-DDA0-3FCB-9C16-C1FCEC4B7C18}
		{72BE1487-F179-3A03-A45D-06F4B7C5A980} = {72BE1487-F179-3A03-A45D-06F4B7C5A980}
	EndProjectSection
EndProject
Project("{8BC9CEB8-8B4A-11D0-8D11-00A0C91BC942}") = "shaderc_combined_shaderc_cpp_test", "libshaderc\shaderc_combined_shaderc_cpp_test.vcxproj", "{0F11BC3F-A029-39D2-A325-418725DB026E}"
	ProjectSection(ProjectDependencies) = postProject
		{8DED3C34-0952-3BE9-926E-5DDEC53147D2} = {8DED3C34-0952-3BE9-926E-5DDEC53147D2}
		{A7CDF6F4-3990-3E87-922C-DBA9D67C4D76} = {A7CDF6F4-3990-3E87-922C-DBA9D67C4D76}
		{A234871E-27AB-3958-AFB0-D6B1D2C04D01} = {A234871E-27AB-3958-AFB0-D6B1D2C04D01}
		{4DE1C94D-4A90-31F5-8414-1A790C1F9024} = {4DE1C94D-4A90-31F5-8414-1A790C1F9024}
		{97F97BDB-E447-3934-8AB7-44611FA2942B} = {97F97BDB-E447-3934-8AB7-44611FA2942B}
	EndProjectSection
EndProject
Project("{8BC9CEB8-8B4A-11D0-8D11-00A0C91BC942}") = "shaderc_combined_shaderc_test", "libshaderc\shaderc_combined_shaderc_test.vcxproj", "{1360023C-0525-3CDC-BD49-E14C81B76CD6}"
	ProjectSection(ProjectDependencies) = postProject
		{8DED3C34-0952-3BE9-926E-5DDEC53147D2} = {8DED3C34-0952-3BE9-926E-5DDEC53147D2}
		{A7CDF6F4-3990-3E87-922C-DBA9D67C4D76} = {A7CDF6F4-3990-3E87-922C-DBA9D67C4D76}
		{A234871E-27AB-3958-AFB0-D6B1D2C04D01} = {A234871E-27AB-3958-AFB0-D6B1D2C04D01}
		{4DE1C94D-4A90-31F5-8414-1A790C1F9024} = {4DE1C94D-4A90-31F5-8414-1A790C1F9024}
		{97F97BDB-E447-3934-8AB7-44611FA2942B} = {97F97BDB-E447-3934-8AB7-44611FA2942B}
	EndProjectSection
EndProject
Project("{8BC9CEB8-8B4A-11D0-8D11-00A0C91BC942}") = "shaderc_shaderc_cpp_test", "libshaderc\shaderc_shaderc_cpp_test.vcxproj", "{2EF364CE-3A48-3D90-80DF-E14E0361F91C}"
	ProjectSection(ProjectDependencies) = postProject
		{CCFF8927-0043-3205-98CF-873F9E264FF8} = {CCFF8927-0043-3205-98CF-873F9E264FF8}
		{6DB7BAA1-BB6D-367A-999E-AAB8F1901C5F} = {6DB7BAA1-BB6D-367A-999E-AAB8F1901C5F}
		{AB350629-FF5D-3124-AAF5-49A32EF485DB} = {AB350629-FF5D-3124-AAF5-49A32EF485DB}
		{116F9F34-CCD2-3CC6-858C-4134689DE0D9} = {116F9F34-CCD2-3CC6-858C-4134689DE0D9}
		{6CB68859-2D8E-332A-9498-721207DBE1A3} = {6CB68859-2D8E-332A-9498-721207DBE1A3}
		{8DED3C34-0952-3BE9-926E-5DDEC53147D2} = {8DED3C34-0952-3BE9-926E-5DDEC53147D2}
		{EA643AE1-280E-3282-853F-C4DB019B6E7A} = {EA643AE1-280E-3282-853F-C4DB019B6E7A}
		{A7CDF6F4-3990-3E87-922C-DBA9D67C4D76} = {A7CDF6F4-3990-3E87-922C-DBA9D67C4D76}
		{A234871E-27AB-3958-AFB0-D6B1D2C04D01} = {A234871E-27AB-3958-AFB0-D6B1D2C04D01}
		{4DE1C94D-4A90-31F5-8414-1A790C1F9024} = {4DE1C94D-4A90-31F5-8414-1A790C1F9024}
		{96A7FD8E-DDA0-3FCB-9C16-C1FCEC4B7C18} = {96A7FD8E-DDA0-3FCB-9C16-C1FCEC4B7C18}
		{72BE1487-F179-3A03-A45D-06F4B7C5A980} = {72BE1487-F179-3A03-A45D-06F4B7C5A980}
	EndProjectSection
EndProject
Project("{8BC9CEB8-8B4A-11D0-8D11-00A0C91BC942}") = "shaderc_shaderc_test", "libshaderc\shaderc_shaderc_test.vcxproj", "{A18C1CB5-FC52-3355-9AEE-1882352E6E7F}"
	ProjectSection(ProjectDependencies) = postProject
		{CCFF8927-0043-3205-98CF-873F9E264FF8} = {CCFF8927-0043-3205-98CF-873F9E264FF8}
		{6DB7BAA1-BB6D-367A-999E-AAB8F1901C5F} = {6DB7BAA1-BB6D-367A-999E-AAB8F1901C5F}
		{AB350629-FF5D-3124-AAF5-49A32EF485DB} = {AB350629-FF5D-3124-AAF5-49A32EF485DB}
		{116F9F34-CCD2-3CC6-858C-4134689DE0D9} = {116F9F34-CCD2-3CC6-858C-4134689DE0D9}
		{6CB68859-2D8E-332A-9498-721207DBE1A3} = {6CB68859-2D8E-332A-9498-721207DBE1A3}
		{8DED3C34-0952-3BE9-926E-5DDEC53147D2} = {8DED3C34-0952-3BE9-926E-5DDEC53147D2}
		{EA643AE1-280E-3282-853F-C4DB019B6E7A} = {EA643AE1-280E-3282-853F-C4DB019B6E7A}
		{A7CDF6F4-3990-3E87-922C-DBA9D67C4D76} = {A7CDF6F4-3990-3E87-922C-DBA9D67C4D76}
		{A234871E-27AB-3958-AFB0-D6B1D2C04D01} = {A234871E-27AB-3958-AFB0-D6B1D2C04D01}
		{4DE1C94D-4A90-31F5-8414-1A790C1F9024} = {4DE1C94D-4A90-31F5-8414-1A790C1F9024}
		{96A7FD8E-DDA0-3FCB-9C16-C1FCEC4B7C18} = {96A7FD8E-DDA0-3FCB-9C16-C1FCEC4B7C18}
		{72BE1487-F179-3A03-A45D-06F4B7C5A980} = {72BE1487-F179-3A03-A45D-06F4B7C5A980}
	EndProjectSection
EndProject
Project("{8BC9CEB8-8B4A-11D0-8D11-00A0C91BC942}") = "shaderc_util", "libshaderc_util\shaderc_util.vcxproj", "{72BE1487-F179-3A03-A45D-06F4B7C5A980}"
	ProjectSection(ProjectDependencies) = postProject
		{CCFF8927-0043-3205-98CF-873F9E264FF8} = {CCFF8927-0043-3205-98CF-873F9E264FF8}
		{6DB7BAA1-BB6D-367A-999E-AAB8F1901C5F} = {6DB7BAA1-BB6D-367A-999E-AAB8F1901C5F}
		{AB350629-FF5D-3124-AAF5-49A32EF485DB} = {AB350629-FF5D-3124-AAF5-49A32EF485DB}
		{116F9F34-CCD2-3CC6-858C-4134689DE0D9} = {116F9F34-CCD2-3CC6-858C-4134689DE0D9}
		{6CB68859-2D8E-332A-9498-721207DBE1A3} = {6CB68859-2D8E-332A-9498-721207DBE1A3}
		{8DED3C34-0952-3BE9-926E-5DDEC53147D2} = {8DED3C34-0952-3BE9-926E-5DDEC53147D2}
		{EA643AE1-280E-3282-853F-C4DB019B6E7A} = {EA643AE1-280E-3282-853F-C4DB019B6E7A}
	EndProjectSection
EndProject
Project("{8BC9CEB8-8B4A-11D0-8D11-00A0C91BC942}") = "shaderc_util_compiler_test", "libshaderc_util\shaderc_util_compiler_test.vcxproj", "{A9053B82-FE59-3CBF-8256-25FB47C69AC8}"
	ProjectSection(ProjectDependencies) = postProject
		{CCFF8927-0043-3205-98CF-873F9E264FF8} = {CCFF8927-0043-3205-98CF-873F9E264FF8}
		{6DB7BAA1-BB6D-367A-999E-AAB8F1901C5F} = {6DB7BAA1-BB6D-367A-999E-AAB8F1901C5F}
		{AB350629-FF5D-3124-AAF5-49A32EF485DB} = {AB350629-FF5D-3124-AAF5-49A32EF485DB}
		{116F9F34-CCD2-3CC6-858C-4134689DE0D9} = {116F9F34-CCD2-3CC6-858C-4134689DE0D9}
		{6CB68859-2D8E-332A-9498-721207DBE1A3} = {6CB68859-2D8E-332A-9498-721207DBE1A3}
		{8DED3C34-0952-3BE9-926E-5DDEC53147D2} = {8DED3C34-0952-3BE9-926E-5DDEC53147D2}
		{EA643AE1-280E-3282-853F-C4DB019B6E7A} = {EA643AE1-280E-3282-853F-C4DB019B6E7A}
		{A7CDF6F4-3990-3E87-922C-DBA9D67C4D76} = {A7CDF6F4-3990-3E87-922C-DBA9D67C4D76}
		{A234871E-27AB-3958-AFB0-D6B1D2C04D01} = {A234871E-27AB-3958-AFB0-D6B1D2C04D01}
		{4DE1C94D-4A90-31F5-8414-1A790C1F9024} = {4DE1C94D-4A90-31F5-8414-1A790C1F9024}
		{72BE1487-F179-3A03-A45D-06F4B7C5A980} = {72BE1487-F179-3A03-A45D-06F4B7C5A980}
	EndProjectSection
EndProject
Project("{8BC9CEB8-8B4A-11D0-8D11-00A0C91BC942}") = "shaderc_util_counting_includer_test", "libshaderc_util\shaderc_util_counting_includer_test.vcxproj", "{2DF2B558-A1DC-3A49-A280-BC20EAD56621}"
	ProjectSection(ProjectDependencies) = postProject
		{CCFF8927-0043-3205-98CF-873F9E264FF8} = {CCFF8927-0043-3205-98CF-873F9E264FF8}
		{6DB7BAA1-BB6D-367A-999E-AAB8F1901C5F} = {6DB7BAA1-BB6D-367A-999E-AAB8F1901C5F}
		{AB350629-FF5D-3124-AAF5-49A32EF485DB} = {AB350629-FF5D-3124-AAF5-49A32EF485DB}
		{116F9F34-CCD2-3CC6-858C-4134689DE0D9} = {116F9F34-CCD2-3CC6-858C-4134689DE0D9}
		{6CB68859-2D8E-332A-9498-721207DBE1A3} = {6CB68859-2D8E-332A-9498-721207DBE1A3}
		{8DED3C34-0952-3BE9-926E-5DDEC53147D2} = {8DED3C34-0952-3BE9-926E-5DDEC53147D2}
		{EA643AE1-280E-3282-853F-C4DB019B6E7A} = {EA643AE1-280E-3282-853F-C4DB019B6E7A}
		{A7CDF6F4-3990-3E87-922C-DBA9D67C4D76} = {A7CDF6F4-3990-3E87-922C-DBA9D67C4D76}
		{A234871E-27AB-3958-AFB0-D6B1D2C04D01} = {A234871E-27AB-3958-AFB0-D6B1D2C04D01}
		{4DE1C94D-4A90-31F5-8414-1A790C1F9024} = {4DE1C94D-4A90-31F5-8414-1A790C1F9024}
		{72BE1487-F179-3A03-A45D-06F4B7C5A980} = {72BE1487-F179-3A03-A45D-06F4B7C5A980}
	EndProjectSection
EndProject
Project("{8BC9CEB8-8B4A-11D0-8D11-00A0C91BC942}") = "shaderc_util_file_finder_test", "libshaderc_util\shaderc_util_file_finder_test.vcxproj", "{8FFB5F93-B518-393F-9DCA-867CF0AF44DB}"
	ProjectSection(ProjectDependencies) = postProject
		{CCFF8927-0043-3205-98CF-873F9E264FF8} = {CCFF8927-0043-3205-98CF-873F9E264FF8}
		{6DB7BAA1-BB6D-367A-999E-AAB8F1901C5F} = {6DB7BAA1-BB6D-367A-999E-AAB8F1901C5F}
		{AB350629-FF5D-3124-AAF5-49A32EF485DB} = {AB350629-FF5D-3124-AAF5-49A32EF485DB}
		{116F9F34-CCD2-3CC6-858C-4134689DE0D9} = {116F9F34-CCD2-3CC6-858C-4134689DE0D9}
		{6CB68859-2D8E-332A-9498-721207DBE1A3} = {6CB68859-2D8E-332A-9498-721207DBE1A3}
		{8DED3C34-0952-3BE9-926E-5DDEC53147D2} = {8DED3C34-0952-3BE9-926E-5DDEC53147D2}
		{EA643AE1-280E-3282-853F-C4DB019B6E7A} = {EA643AE1-280E-3282-853F-C4DB019B6E7A}
		{A7CDF6F4-3990-3E87-922C-DBA9D67C4D76} = {A7CDF6F4-3990-3E87-922C-DBA9D67C4D76}
		{A234871E-27AB-3958-AFB0-D6B1D2C04D01} = {A234871E-27AB-3958-AFB0-D6B1D2C04D01}
		{4DE1C94D-4A90-31F5-8414-1A790C1F9024} = {4DE1C94D-4A90-31F5-8414-1A790C1F9024}
		{72BE1487-F179-3A03-A45D-06F4B7C5A980} = {72BE1487-F179-3A03-A45D-06F4B7C5A980}
		{F4AD85C5-9353-30B8-AB12-719E0CA86AAE} = {F4AD85C5-9353-30B8-AB12-719E0CA86AAE}
	EndProjectSection
EndProject
Project("{8BC9CEB8-8B4A-11D0-8D11-00A0C91BC942}") = "shaderc_util_format_test", "libshaderc_util\shaderc_util_format_test.vcxproj", "{8F15D584-4850-3795-87F3-32A2B25BFBB7}"
	ProjectSection(ProjectDependencies) = postProject
		{CCFF8927-0043-3205-98CF-873F9E264FF8} = {CCFF8927-0043-3205-98CF-873F9E264FF8}
		{6DB7BAA1-BB6D-367A-999E-AAB8F1901C5F} = {6DB7BAA1-BB6D-367A-999E-AAB8F1901C5F}
		{AB350629-FF5D-3124-AAF5-49A32EF485DB} = {AB350629-FF5D-3124-AAF5-49A32EF485DB}
		{116F9F34-CCD2-3CC6-858C-4134689DE0D9} = {116F9F34-CCD2-3CC6-858C-4134689DE0D9}
		{6CB68859-2D8E-332A-9498-721207DBE1A3} = {6CB68859-2D8E-332A-9498-721207DBE1A3}
		{8DED3C34-0952-3BE9-926E-5DDEC53147D2} = {8DED3C34-0952-3BE9-926E-5DDEC53147D2}
		{EA643AE1-280E-3282-853F-C4DB019B6E7A} = {EA643AE1-280E-3282-853F-C4DB019B6E7A}
		{A7CDF6F4-3990-3E87-922C-DBA9D67C4D76} = {A7CDF6F4-3990-3E87-922C-DBA9D67C4D76}
		{A234871E-27AB-3958-AFB0-D6B1D2C04D01} = {A234871E-27AB-3958-AFB0-D6B1D2C04D01}
		{4DE1C94D-4A90-31F5-8414-1A790C1F9024} = {4DE1C94D-4A90-31F5-8414-1A790C1F9024}
		{72BE1487-F179-3A03-A45D-06F4B7C5A980} = {72BE1487-F179-3A03-A45D-06F4B7C5A980}
	EndProjectSection
EndProject
Project("{8BC9CEB8-8B4A-11D0-8D11-00A0C91BC942}") = "shaderc_util_io_test", "libshaderc_util\shaderc_util_io_test.vcxproj", "{7EC03F20-4A69-3A77-A592-8CBADE310E3C}"
	ProjectSection(ProjectDependencies) = postProject
		{CCFF8927-0043-3205-98CF-873F9E264FF8} = {CCFF8927-0043-3205-98CF-873F9E264FF8}
		{6DB7BAA1-BB6D-367A-999E-AAB8F1901C5F} = {6DB7BAA1-BB6D-367A-999E-AAB8F1901C5F}
		{AB350629-FF5D-3124-AAF5-49A32EF485DB} = {AB350629-FF5D-3124-AAF5-49A32EF485DB}
		{116F9F34-CCD2-3CC6-858C-4134689DE0D9} = {116F9F34-CCD2-3CC6-858C-4134689DE0D9}
		{6CB68859-2D8E-332A-9498-721207DBE1A3} = {6CB68859-2D8E-332A-9498-721207DBE1A3}
		{8DED3C34-0952-3BE9-926E-5DDEC53147D2} = {8DED3C34-0952-3BE9-926E-5DDEC53147D2}
		{EA643AE1-280E-3282-853F-C4DB019B6E7A} = {EA643AE1-280E-3282-853F-C4DB019B6E7A}
		{A7CDF6F4-3990-3E87-922C-DBA9D67C4D76} = {A7CDF6F4-3990-3E87-922C-DBA9D67C4D76}
		{A234871E-27AB-3958-AFB0-D6B1D2C04D01} = {A234871E-27AB-3958-AFB0-D6B1D2C04D01}
		{4DE1C94D-4A90-31F5-8414-1A790C1F9024} = {4DE1C94D-4A90-31F5-8414-1A790C1F9024}
		{72BE1487-F179-3A03-A45D-06F4B7C5A980} = {72BE1487-F179-3A03-A45D-06F4B7C5A980}
		{F4AD85C5-9353-30B8-AB12-719E0CA86AAE} = {F4AD85C5-9353-30B8-AB12-719E0CA86AAE}
	EndProjectSection
EndProject
Project("{8BC9CEB8-8B4A-11D0-8D11-00A0C91BC942}") = "shaderc_util_message_test", "libshaderc_util\shaderc_util_message_test.vcxproj", "{76888766-E211-3EF5-AE61-8DDDB06C78A5}"
	ProjectSection(ProjectDependencies) = postProject
		{CCFF8927-0043-3205-98CF-873F9E264FF8} = {CCFF8927-0043-3205-98CF-873F9E264FF8}
		{6DB7BAA1-BB6D-367A-999E-AAB8F1901C5F} = {6DB7BAA1-BB6D-367A-999E-AAB8F1901C5F}
		{AB350629-FF5D-3124-AAF5-49A32EF485DB} = {AB350629-FF5D-3124-AAF5-49A32EF485DB}
		{116F9F34-CCD2-3CC6-858C-4134689DE0D9} = {116F9F34-CCD2-3CC6-858C-4134689DE0D9}
		{6CB68859-2D8E-332A-9498-721207DBE1A3} = {6CB68859-2D8E-332A-9498-721207DBE1A3}
		{8DED3C34-0952-3BE9-926E-5DDEC53147D2} = {8DED3C34-0952-3BE9-926E-5DDEC53147D2}
		{EA643AE1-280E-3282-853F-C4DB019B6E7A} = {EA643AE1-280E-3282-853F-C4DB019B6E7A}
		{A7CDF6F4-3990-3E87-922C-DBA9D67C4D76} = {A7CDF6F4-3990-3E87-922C-DBA9D67C4D76}
		{A234871E-27AB-3958-AFB0-D6B1D2C04D01} = {A234871E-27AB-3958-AFB0-D6B1D2C04D01}
		{4DE1C94D-4A90-31F5-8414-1A790C1F9024} = {4DE1C94D-4A90-31F5-8414-1A790C1F9024}
		{72BE1487-F179-3A03-A45D-06F4B7C5A980} = {72BE1487-F179-3A03-A45D-06F4B7C5A980}
	EndProjectSection
EndProject
Project("{8BC9CEB8-8B4A-11D0-8D11-00A0C91BC942}") = "shaderc_util_mutex_test", "libshaderc_util\shaderc_util_mutex_test.vcxproj", "{3FD9DBBE-5D57-31E9-9E91-82EA9ECEC3E9}"
	ProjectSection(ProjectDependencies) = postProject
		{CCFF8927-0043-3205-98CF-873F9E264FF8} = {CCFF8927-0043-3205-98CF-873F9E264FF8}
		{6DB7BAA1-BB6D-367A-999E-AAB8F1901C5F} = {6DB7BAA1-BB6D-367A-999E-AAB8F1901C5F}
		{AB350629-FF5D-3124-AAF5-49A32EF485DB} = {AB350629-FF5D-3124-AAF5-49A32EF485DB}
		{116F9F34-CCD2-3CC6-858C-4134689DE0D9} = {116F9F34-CCD2-3CC6-858C-4134689DE0D9}
		{6CB68859-2D8E-332A-9498-721207DBE1A3} = {6CB68859-2D8E-332A-9498-721207DBE1A3}
		{8DED3C34-0952-3BE9-926E-5DDEC53147D2} = {8DED3C34-0952-3BE9-926E-5DDEC53147D2}
		{EA643AE1-280E-3282-853F-C4DB019B6E7A} = {EA643AE1-280E-3282-853F-C4DB019B6E7A}
		{A7CDF6F4-3990-3E87-922C-DBA9D67C4D76} = {A7CDF6F4-3990-3E87-922C-DBA9D67C4D76}
		{A234871E-27AB-3958-AFB0-D6B1D2C04D01} = {A234871E-27AB-3958-AFB0-D6B1D2C04D01}
		{4DE1C94D-4A90-31F5-8414-1A790C1F9024} = {4DE1C94D-4A90-31F5-8414-1A790C1F9024}
		{72BE1487-F179-3A03-A45D-06F4B7C5A980} = {72BE1487-F179-3A03-A45D-06F4B7C5A980}
	EndProjectSection
EndProject
Project("{8BC9CEB8-8B4A-11D0-8D11-00A0C91BC942}") = "shaderc_util_string_piece_test", "libshaderc_util\shaderc_util_string_piece_test.vcxproj", "{61835D88-6133-3C9A-8D97-9BC1F366C5D9}"
	ProjectSection(ProjectDependencies) = postProject
		{CCFF8927-0043-3205-98CF-873F9E264FF8} = {CCFF8927-0043-3205-98CF-873F9E264FF8}
		{6DB7BAA1-BB6D-367A-999E-AAB8F1901C5F} = {6DB7BAA1-BB6D-367A-999E-AAB8F1901C5F}
		{AB350629-FF5D-3124-AAF5-49A32EF485DB} = {AB350629-FF5D-3124-AAF5-49A32EF485DB}
		{116F9F34-CCD2-3CC6-858C-4134689DE0D9} = {116F9F34-CCD2-3CC6-858C-4134689DE0D9}
		{6CB68859-2D8E-332A-9498-721207DBE1A3} = {6CB68859-2D8E-332A-9498-721207DBE1A3}
		{8DED3C34-0952-3BE9-926E-5DDEC53147D2} = {8DED3C34-0952-3BE9-926E-5DDEC53147D2}
		{EA643AE1-280E-3282-853F-C4DB019B6E7A} = {EA643AE1-280E-3282-853F-C4DB019B6E7A}
		{A7CDF6F4-3990-3E87-922C-DBA9D67C4D76} = {A7CDF6F4-3990-3E87-922C-DBA9D67C4D76}
		{A234871E-27AB-3958-AFB0-D6B1D2C04D01} = {A234871E-27AB-3958-AFB0-D6B1D2C04D01}
		{4DE1C94D-4A90-31F5-8414-1A790C1F9024} = {4DE1C94D-4A90-31F5-8414-1A790C1F9024}
		{72BE1487-F179-3A03-A45D-06F4B7C5A980} = {72BE1487-F179-3A03-A45D-06F4B7C5A980}
	EndProjectSection
EndProject
Project("{8BC9CEB8-8B4A-11D0-8D11-00A0C91BC942}") = "spirv-as", "third_party\spirv-tools\tools\spirv-as.vcxproj", "{22103E86-B949-3D5C-A468-CFF6C5CF3C2A}"
	ProjectSection(ProjectDependencies) = postProject
		{6CB68859-2D8E-332A-9498-721207DBE1A3} = {6CB68859-2D8E-332A-9498-721207DBE1A3}
		{8DED3C34-0952-3BE9-926E-5DDEC53147D2} = {8DED3C34-0952-3BE9-926E-5DDEC53147D2}
	EndProjectSection
EndProject
Project("{8BC9CEB8-8B4A-11D0-8D11-00A0C91BC942}") = "spirv-dis", "third_party\spirv-tools\tools\spirv-dis.vcxproj", "{D8B91BF6-A9C4-3029-836A-98FCDCE719C0}"
	ProjectSection(ProjectDependencies) = postProject
		{6CB68859-2D8E-332A-9498-721207DBE1A3} = {6CB68859-2D8E-332A-9498-721207DBE1A3}
		{8DED3C34-0952-3BE9-926E-5DDEC53147D2} = {8DED3C34-0952-3BE9-926E-5DDEC53147D2}
	EndProjectSection
EndProject
Project("{8BC9CEB8-8B4A-11D0-8D11-00A0C91BC942}") = "spirv-remap", "third_party\glslang\StandAlone\spirv-remap.vcxproj", "{BE1FA7B7-A7AB-30CD-8519-69C84ED5F901}"
	ProjectSection(ProjectDependencies) = postProject
		{CCFF8927-0043-3205-98CF-873F9E264FF8} = {CCFF8927-0043-3205-98CF-873F9E264FF8}
		{6DB7BAA1-BB6D-367A-999E-AAB8F1901C5F} = {6DB7BAA1-BB6D-367A-999E-AAB8F1901C5F}
		{AB350629-FF5D-3124-AAF5-49A32EF485DB} = {AB350629-FF5D-3124-AAF5-49A32EF485DB}
		{116F9F34-CCD2-3CC6-858C-4134689DE0D9} = {116F9F34-CCD2-3CC6-858C-4134689DE0D9}
		{8DED3C34-0952-3BE9-926E-5DDEC53147D2} = {8DED3C34-0952-3BE9-926E-5DDEC53147D2}
		{EA643AE1-280E-3282-853F-C4DB019B6E7A} = {EA643AE1-280E-3282-853F-C4DB019B6E7A}
		{7EFB350B-1221-3339-8C7A-5032C593C611} = {7EFB350B-1221-3339-8C7A-5032C593C611}
	EndProjectSection
EndProject
Project("{8BC9CEB8-8B4A-11D0-8D11-00A0C91BC942}") = "spirv-tools-build-version", "third_party\spirv-tools\source\spirv-tools-build-version.vcxproj", "{340BD224-E3E7-3598-92A4-3FD7D9801C1F}"
	ProjectSection(ProjectDependencies) = postProject
		{8DED3C34-0952-3BE9-926E-5DDEC53147D2} = {8DED3C34-0952-3BE9-926E-5DDEC53147D2}
	EndProjectSection
EndProject
Project("{8BC9CEB8-8B4A-11D0-8D11-00A0C91BC942}") = "spirv-val", "third_party\spirv-tools\tools\spirv-val.vcxproj", "{2FE68577-A4A5-3445-AB97-B89CF5BD010A}"
	ProjectSection(ProjectDependencies) = postProject
		{6CB68859-2D8E-332A-9498-721207DBE1A3} = {6CB68859-2D8E-332A-9498-721207DBE1A3}
		{8DED3C34-0952-3BE9-926E-5DDEC53147D2} = {8DED3C34-0952-3BE9-926E-5DDEC53147D2}
	EndProjectSection
EndProject
Project("{8BC9CEB8-8B4A-11D0-8D11-00A0C91BC942}") = "testdata", "libshaderc_util\testdata.vcxproj", "{F4AD85C5-9353-30B8-AB12-719E0CA86AAE}"
	ProjectSection(ProjectDependencies) = postProject
		{8DED3C34-0952-3BE9-926E-5DDEC53147D2} = {8DED3C34-0952-3BE9-926E-5DDEC53147D2}
	EndProjectSection
EndProject
Global
	GlobalSection(SolutionConfigurationPlatforms) = preSolution
		Debug|Win32 = Debug|Win32
		Release|Win32 = Release|Win32
		MinSizeRel|Win32 = MinSizeRel|Win32
		RelWithDebInfo|Win32 = RelWithDebInfo|Win32
	EndGlobalSection
	GlobalSection(ProjectConfigurationPlatforms) = postSolution
		{9B7E28AC-E846-3EE8-8E69-9728DF54BD47}.Debug|Win32.ActiveCfg = Debug|Win32
		{9B7E28AC-E846-3EE8-8E69-9728DF54BD47}.Debug|Win32.Build.0 = Debug|Win32
		{9B7E28AC-E846-3EE8-8E69-9728DF54BD47}.Release|Win32.ActiveCfg = Release|Win32
		{9B7E28AC-E846-3EE8-8E69-9728DF54BD47}.Release|Win32.Build.0 = Release|Win32
		{9B7E28AC-E846-3EE8-8E69-9728DF54BD47}.MinSizeRel|Win32.ActiveCfg = MinSizeRel|Win32
		{9B7E28AC-E846-3EE8-8E69-9728DF54BD47}.MinSizeRel|Win32.Build.0 = MinSizeRel|Win32
		{9B7E28AC-E846-3EE8-8E69-9728DF54BD47}.RelWithDebInfo|Win32.ActiveCfg = RelWithDebInfo|Win32
		{9B7E28AC-E846-3EE8-8E69-9728DF54BD47}.RelWithDebInfo|Win32.Build.0 = RelWithDebInfo|Win32
		{CCFF8927-0043-3205-98CF-873F9E264FF8}.Debug|Win32.ActiveCfg = Debug|Win32
		{CCFF8927-0043-3205-98CF-873F9E264FF8}.Debug|Win32.Build.0 = Debug|Win32
		{CCFF8927-0043-3205-98CF-873F9E264FF8}.Release|Win32.ActiveCfg = Release|Win32
		{CCFF8927-0043-3205-98CF-873F9E264FF8}.Release|Win32.Build.0 = Release|Win32
		{CCFF8927-0043-3205-98CF-873F9E264FF8}.MinSizeRel|Win32.ActiveCfg = MinSizeRel|Win32
		{CCFF8927-0043-3205-98CF-873F9E264FF8}.MinSizeRel|Win32.Build.0 = MinSizeRel|Win32
		{CCFF8927-0043-3205-98CF-873F9E264FF8}.RelWithDebInfo|Win32.ActiveCfg = RelWithDebInfo|Win32
		{CCFF8927-0043-3205-98CF-873F9E264FF8}.RelWithDebInfo|Win32.Build.0 = RelWithDebInfo|Win32
		{CF76EE6D-A3DE-303D-A934-65413B37F1F3}.Debug|Win32.ActiveCfg = Debug|Win32
		{CF76EE6D-A3DE-303D-A934-65413B37F1F3}.Release|Win32.ActiveCfg = Release|Win32
		{CF76EE6D-A3DE-303D-A934-65413B37F1F3}.MinSizeRel|Win32.ActiveCfg = MinSizeRel|Win32
		{CF76EE6D-A3DE-303D-A934-65413B37F1F3}.RelWithDebInfo|Win32.ActiveCfg = RelWithDebInfo|Win32
		{6DB7BAA1-BB6D-367A-999E-AAB8F1901C5F}.Debug|Win32.ActiveCfg = Debug|Win32
		{6DB7BAA1-BB6D-367A-999E-AAB8F1901C5F}.Debug|Win32.Build.0 = Debug|Win32
		{6DB7BAA1-BB6D-367A-999E-AAB8F1901C5F}.Release|Win32.ActiveCfg = Release|Win32
		{6DB7BAA1-BB6D-367A-999E-AAB8F1901C5F}.Release|Win32.Build.0 = Release|Win32
		{6DB7BAA1-BB6D-367A-999E-AAB8F1901C5F}.MinSizeRel|Win32.ActiveCfg = MinSizeRel|Win32
		{6DB7BAA1-BB6D-367A-999E-AAB8F1901C5F}.MinSizeRel|Win32.Build.0 = MinSizeRel|Win32
		{6DB7BAA1-BB6D-367A-999E-AAB8F1901C5F}.RelWithDebInfo|Win32.ActiveCfg = RelWithDebInfo|Win32
		{6DB7BAA1-BB6D-367A-999E-AAB8F1901C5F}.RelWithDebInfo|Win32.Build.0 = RelWithDebInfo|Win32
		{AB350629-FF5D-3124-AAF5-49A32EF485DB}.Debug|Win32.ActiveCfg = Debug|Win32
		{AB350629-FF5D-3124-AAF5-49A32EF485DB}.Debug|Win32.Build.0 = Debug|Win32
		{AB350629-FF5D-3124-AAF5-49A32EF485DB}.Release|Win32.ActiveCfg = Release|Win32
		{AB350629-FF5D-3124-AAF5-49A32EF485DB}.Release|Win32.Build.0 = Release|Win32
		{AB350629-FF5D-3124-AAF5-49A32EF485DB}.MinSizeRel|Win32.ActiveCfg = MinSizeRel|Win32
		{AB350629-FF5D-3124-AAF5-49A32EF485DB}.MinSizeRel|Win32.Build.0 = MinSizeRel|Win32
		{AB350629-FF5D-3124-AAF5-49A32EF485DB}.RelWithDebInfo|Win32.ActiveCfg = RelWithDebInfo|Win32
		{AB350629-FF5D-3124-AAF5-49A32EF485DB}.RelWithDebInfo|Win32.Build.0 = RelWithDebInfo|Win32
		{116F9F34-CCD2-3CC6-858C-4134689DE0D9}.Debug|Win32.ActiveCfg = Debug|Win32
		{116F9F34-CCD2-3CC6-858C-4134689DE0D9}.Debug|Win32.Build.0 = Debug|Win32
		{116F9F34-CCD2-3CC6-858C-4134689DE0D9}.Release|Win32.ActiveCfg = Release|Win32
		{116F9F34-CCD2-3CC6-858C-4134689DE0D9}.Release|Win32.Build.0 = Release|Win32
		{116F9F34-CCD2-3CC6-858C-4134689DE0D9}.MinSizeRel|Win32.ActiveCfg = MinSizeRel|Win32
		{116F9F34-CCD2-3CC6-858C-4134689DE0D9}.MinSizeRel|Win32.Build.0 = MinSizeRel|Win32
		{116F9F34-CCD2-3CC6-858C-4134689DE0D9}.RelWithDebInfo|Win32.ActiveCfg = RelWithDebInfo|Win32
		{116F9F34-CCD2-3CC6-858C-4134689DE0D9}.RelWithDebInfo|Win32.Build.0 = RelWithDebInfo|Win32
		{6CB68859-2D8E-332A-9498-721207DBE1A3}.Debug|Win32.ActiveCfg = Debug|Win32
		{6CB68859-2D8E-332A-9498-721207DBE1A3}.Debug|Win32.Build.0 = Debug|Win32
		{6CB68859-2D8E-332A-9498-721207DBE1A3}.Release|Win32.ActiveCfg = Release|Win32
		{6CB68859-2D8E-332A-9498-721207DBE1A3}.Release|Win32.Build.0 = Release|Win32
		{6CB68859-2D8E-332A-9498-721207DBE1A3}.MinSizeRel|Win32.ActiveCfg = MinSizeRel|Win32
		{6CB68859-2D8E-332A-9498-721207DBE1A3}.MinSizeRel|Win32.Build.0 = MinSizeRel|Win32
		{6CB68859-2D8E-332A-9498-721207DBE1A3}.RelWithDebInfo|Win32.ActiveCfg = RelWithDebInfo|Win32
		{6CB68859-2D8E-332A-9498-721207DBE1A3}.RelWithDebInfo|Win32.Build.0 = RelWithDebInfo|Win32
		{4D99B9B0-0B3D-377A-A1BA-FDDF65E1DF1F}.Debug|Win32.ActiveCfg = Debug|Win32
		{4D99B9B0-0B3D-377A-A1BA-FDDF65E1DF1F}.Debug|Win32.Build.0 = Debug|Win32
		{4D99B9B0-0B3D-377A-A1BA-FDDF65E1DF1F}.Release|Win32.ActiveCfg = Release|Win32
		{4D99B9B0-0B3D-377A-A1BA-FDDF65E1DF1F}.Release|Win32.Build.0 = Release|Win32
		{4D99B9B0-0B3D-377A-A1BA-FDDF65E1DF1F}.MinSizeRel|Win32.ActiveCfg = MinSizeRel|Win32
		{4D99B9B0-0B3D-377A-A1BA-FDDF65E1DF1F}.MinSizeRel|Win32.Build.0 = MinSizeRel|Win32
		{4D99B9B0-0B3D-377A-A1BA-FDDF65E1DF1F}.RelWithDebInfo|Win32.ActiveCfg = RelWithDebInfo|Win32
		{4D99B9B0-0B3D-377A-A1BA-FDDF65E1DF1F}.RelWithDebInfo|Win32.Build.0 = RelWithDebInfo|Win32
		{8DED3C34-0952-3BE9-926E-5DDEC53147D2}.Debug|Win32.ActiveCfg = Debug|Win32
		{8DED3C34-0952-3BE9-926E-5DDEC53147D2}.Debug|Win32.Build.0 = Debug|Win32
		{8DED3C34-0952-3BE9-926E-5DDEC53147D2}.Release|Win32.ActiveCfg = Release|Win32
		{8DED3C34-0952-3BE9-926E-5DDEC53147D2}.Release|Win32.Build.0 = Release|Win32
		{8DED3C34-0952-3BE9-926E-5DDEC53147D2}.MinSizeRel|Win32.ActiveCfg = MinSizeRel|Win32
		{8DED3C34-0952-3BE9-926E-5DDEC53147D2}.MinSizeRel|Win32.Build.0 = MinSizeRel|Win32
		{8DED3C34-0952-3BE9-926E-5DDEC53147D2}.RelWithDebInfo|Win32.ActiveCfg = RelWithDebInfo|Win32
		{8DED3C34-0952-3BE9-926E-5DDEC53147D2}.RelWithDebInfo|Win32.Build.0 = RelWithDebInfo|Win32
		{F5F8D96C-7E51-35BD-A3BC-8D23627949E6}.Debug|Win32.ActiveCfg = Debug|Win32
		{F5F8D96C-7E51-35BD-A3BC-8D23627949E6}.Release|Win32.ActiveCfg = Release|Win32
		{F5F8D96C-7E51-35BD-A3BC-8D23627949E6}.MinSizeRel|Win32.ActiveCfg = MinSizeRel|Win32
		{F5F8D96C-7E51-35BD-A3BC-8D23627949E6}.RelWithDebInfo|Win32.ActiveCfg = RelWithDebInfo|Win32
		{CD275590-66DF-3F90-8716-005305E120EE}.Debug|Win32.ActiveCfg = Debug|Win32
		{CD275590-66DF-3F90-8716-005305E120EE}.Debug|Win32.Build.0 = Debug|Win32
		{CD275590-66DF-3F90-8716-005305E120EE}.Release|Win32.ActiveCfg = Release|Win32
		{CD275590-66DF-3F90-8716-005305E120EE}.Release|Win32.Build.0 = Release|Win32
		{CD275590-66DF-3F90-8716-005305E120EE}.MinSizeRel|Win32.ActiveCfg = MinSizeRel|Win32
		{CD275590-66DF-3F90-8716-005305E120EE}.MinSizeRel|Win32.Build.0 = MinSizeRel|Win32
		{CD275590-66DF-3F90-8716-005305E120EE}.RelWithDebInfo|Win32.ActiveCfg = RelWithDebInfo|Win32
		{CD275590-66DF-3F90-8716-005305E120EE}.RelWithDebInfo|Win32.Build.0 = RelWithDebInfo|Win32
		{AA1C126A-8FD8-3CBB-AB05-B908E4C287A2}.Debug|Win32.ActiveCfg = Debug|Win32
		{AA1C126A-8FD8-3CBB-AB05-B908E4C287A2}.Debug|Win32.Build.0 = Debug|Win32
		{AA1C126A-8FD8-3CBB-AB05-B908E4C287A2}.Release|Win32.ActiveCfg = Release|Win32
		{AA1C126A-8FD8-3CBB-AB05-B908E4C287A2}.Release|Win32.Build.0 = Release|Win32
		{AA1C126A-8FD8-3CBB-AB05-B908E4C287A2}.MinSizeRel|Win32.ActiveCfg = MinSizeRel|Win32
		{AA1C126A-8FD8-3CBB-AB05-B908E4C287A2}.MinSizeRel|Win32.Build.0 = MinSizeRel|Win32
		{AA1C126A-8FD8-3CBB-AB05-B908E4C287A2}.RelWithDebInfo|Win32.ActiveCfg = RelWithDebInfo|Win32
		{AA1C126A-8FD8-3CBB-AB05-B908E4C287A2}.RelWithDebInfo|Win32.Build.0 = RelWithDebInfo|Win32
		{6A9DF1B0-E256-3D69-B80E-D416336EAD10}.Debug|Win32.ActiveCfg = Debug|Win32
		{6A9DF1B0-E256-3D69-B80E-D416336EAD10}.Debug|Win32.Build.0 = Debug|Win32
		{6A9DF1B0-E256-3D69-B80E-D416336EAD10}.Release|Win32.ActiveCfg = Release|Win32
		{6A9DF1B0-E256-3D69-B80E-D416336EAD10}.Release|Win32.Build.0 = Release|Win32
		{6A9DF1B0-E256-3D69-B80E-D416336EAD10}.MinSizeRel|Win32.ActiveCfg = MinSizeRel|Win32
		{6A9DF1B0-E256-3D69-B80E-D416336EAD10}.MinSizeRel|Win32.Build.0 = MinSizeRel|Win32
		{6A9DF1B0-E256-3D69-B80E-D416336EAD10}.RelWithDebInfo|Win32.ActiveCfg = RelWithDebInfo|Win32
		{6A9DF1B0-E256-3D69-B80E-D416336EAD10}.RelWithDebInfo|Win32.Build.0 = RelWithDebInfo|Win32
		{EA643AE1-280E-3282-853F-C4DB019B6E7A}.Debug|Win32.ActiveCfg = Debug|Win32
		{EA643AE1-280E-3282-853F-C4DB019B6E7A}.Debug|Win32.Build.0 = Debug|Win32
		{EA643AE1-280E-3282-853F-C4DB019B6E7A}.Release|Win32.ActiveCfg = Release|Win32
		{EA643AE1-280E-3282-853F-C4DB019B6E7A}.Release|Win32.Build.0 = Release|Win32
		{EA643AE1-280E-3282-853F-C4DB019B6E7A}.MinSizeRel|Win32.ActiveCfg = MinSizeRel|Win32
		{EA643AE1-280E-3282-853F-C4DB019B6E7A}.MinSizeRel|Win32.Build.0 = MinSizeRel|Win32
		{EA643AE1-280E-3282-853F-C4DB019B6E7A}.RelWithDebInfo|Win32.ActiveCfg = RelWithDebInfo|Win32
		{EA643AE1-280E-3282-853F-C4DB019B6E7A}.RelWithDebInfo|Win32.Build.0 = RelWithDebInfo|Win32
		{7EFB350B-1221-3339-8C7A-5032C593C611}.Debug|Win32.ActiveCfg = Debug|Win32
		{7EFB350B-1221-3339-8C7A-5032C593C611}.Debug|Win32.Build.0 = Debug|Win32
		{7EFB350B-1221-3339-8C7A-5032C593C611}.Release|Win32.ActiveCfg = Release|Win32
		{7EFB350B-1221-3339-8C7A-5032C593C611}.Release|Win32.Build.0 = Release|Win32
		{7EFB350B-1221-3339-8C7A-5032C593C611}.MinSizeRel|Win32.ActiveCfg = MinSizeRel|Win32
		{7EFB350B-1221-3339-8C7A-5032C593C611}.MinSizeRel|Win32.Build.0 = MinSizeRel|Win32
		{7EFB350B-1221-3339-8C7A-5032C593C611}.RelWithDebInfo|Win32.ActiveCfg = RelWithDebInfo|Win32
		{7EFB350B-1221-3339-8C7A-5032C593C611}.RelWithDebInfo|Win32.Build.0 = RelWithDebInfo|Win32
		{B0BC9FF9-8CED-3433-ACBB-7C9692575B54}.Debug|Win32.ActiveCfg = Debug|Win32
		{B0BC9FF9-8CED-3433-ACBB-7C9692575B54}.Debug|Win32.Build.0 = Debug|Win32
		{B0BC9FF9-8CED-3433-ACBB-7C9692575B54}.Release|Win32.ActiveCfg = Release|Win32
		{B0BC9FF9-8CED-3433-ACBB-7C9692575B54}.Release|Win32.Build.0 = Release|Win32
		{B0BC9FF9-8CED-3433-ACBB-7C9692575B54}.MinSizeRel|Win32.ActiveCfg = MinSizeRel|Win32
		{B0BC9FF9-8CED-3433-ACBB-7C9692575B54}.MinSizeRel|Win32.Build.0 = MinSizeRel|Win32
		{B0BC9FF9-8CED-3433-ACBB-7C9692575B54}.RelWithDebInfo|Win32.ActiveCfg = RelWithDebInfo|Win32
		{B0BC9FF9-8CED-3433-ACBB-7C9692575B54}.RelWithDebInfo|Win32.Build.0 = RelWithDebInfo|Win32
		{2043D646-EBD9-3FCC-B100-8B9407863CFD}.Debug|Win32.ActiveCfg = Debug|Win32
		{2043D646-EBD9-3FCC-B100-8B9407863CFD}.Debug|Win32.Build.0 = Debug|Win32
		{2043D646-EBD9-3FCC-B100-8B9407863CFD}.Release|Win32.ActiveCfg = Release|Win32
		{2043D646-EBD9-3FCC-B100-8B9407863CFD}.Release|Win32.Build.0 = Release|Win32
		{2043D646-EBD9-3FCC-B100-8B9407863CFD}.MinSizeRel|Win32.ActiveCfg = MinSizeRel|Win32
		{2043D646-EBD9-3FCC-B100-8B9407863CFD}.MinSizeRel|Win32.Build.0 = MinSizeRel|Win32
		{2043D646-EBD9-3FCC-B100-8B9407863CFD}.RelWithDebInfo|Win32.ActiveCfg = RelWithDebInfo|Win32
		{2043D646-EBD9-3FCC-B100-8B9407863CFD}.RelWithDebInfo|Win32.Build.0 = RelWithDebInfo|Win32
		{F2199AEC-64DC-39AE-8040-2A98F3A41F25}.Debug|Win32.ActiveCfg = Debug|Win32
		{F2199AEC-64DC-39AE-8040-2A98F3A41F25}.Debug|Win32.Build.0 = Debug|Win32
		{F2199AEC-64DC-39AE-8040-2A98F3A41F25}.Release|Win32.ActiveCfg = Release|Win32
		{F2199AEC-64DC-39AE-8040-2A98F3A41F25}.Release|Win32.Build.0 = Release|Win32
		{F2199AEC-64DC-39AE-8040-2A98F3A41F25}.MinSizeRel|Win32.ActiveCfg = MinSizeRel|Win32
		{F2199AEC-64DC-39AE-8040-2A98F3A41F25}.MinSizeRel|Win32.Build.0 = MinSizeRel|Win32
		{F2199AEC-64DC-39AE-8040-2A98F3A41F25}.RelWithDebInfo|Win32.ActiveCfg = RelWithDebInfo|Win32
		{F2199AEC-64DC-39AE-8040-2A98F3A41F25}.RelWithDebInfo|Win32.Build.0 = RelWithDebInfo|Win32
		{2E13B2CE-A015-3070-827F-6289F28502BB}.Debug|Win32.ActiveCfg = Debug|Win32
		{2E13B2CE-A015-3070-827F-6289F28502BB}.Debug|Win32.Build.0 = Debug|Win32
		{2E13B2CE-A015-3070-827F-6289F28502BB}.Release|Win32.ActiveCfg = Release|Win32
		{2E13B2CE-A015-3070-827F-6289F28502BB}.Release|Win32.Build.0 = Release|Win32
		{2E13B2CE-A015-3070-827F-6289F28502BB}.MinSizeRel|Win32.ActiveCfg = MinSizeRel|Win32
		{2E13B2CE-A015-3070-827F-6289F28502BB}.MinSizeRel|Win32.Build.0 = MinSizeRel|Win32
		{2E13B2CE-A015-3070-827F-6289F28502BB}.RelWithDebInfo|Win32.ActiveCfg = RelWithDebInfo|Win32
		{2E13B2CE-A015-3070-827F-6289F28502BB}.RelWithDebInfo|Win32.Build.0 = RelWithDebInfo|Win32
		{EE0378B5-58BA-3A29-909F-E6BA6541DB79}.Debug|Win32.ActiveCfg = Debug|Win32
		{EE0378B5-58BA-3A29-909F-E6BA6541DB79}.Debug|Win32.Build.0 = Debug|Win32
		{EE0378B5-58BA-3A29-909F-E6BA6541DB79}.Release|Win32.ActiveCfg = Release|Win32
		{EE0378B5-58BA-3A29-909F-E6BA6541DB79}.Release|Win32.Build.0 = Release|Win32
		{EE0378B5-58BA-3A29-909F-E6BA6541DB79}.MinSizeRel|Win32.ActiveCfg = MinSizeRel|Win32
		{EE0378B5-58BA-3A29-909F-E6BA6541DB79}.MinSizeRel|Win32.Build.0 = MinSizeRel|Win32
		{EE0378B5-58BA-3A29-909F-E6BA6541DB79}.RelWithDebInfo|Win32.ActiveCfg = RelWithDebInfo|Win32
		{EE0378B5-58BA-3A29-909F-E6BA6541DB79}.RelWithDebInfo|Win32.Build.0 = RelWithDebInfo|Win32
		{1A9EA744-6088-3C1D-A607-2002A7E16D4B}.Debug|Win32.ActiveCfg = Debug|Win32
		{1A9EA744-6088-3C1D-A607-2002A7E16D4B}.Debug|Win32.Build.0 = Debug|Win32
		{1A9EA744-6088-3C1D-A607-2002A7E16D4B}.Release|Win32.ActiveCfg = Release|Win32
		{1A9EA744-6088-3C1D-A607-2002A7E16D4B}.Release|Win32.Build.0 = Release|Win32
		{1A9EA744-6088-3C1D-A607-2002A7E16D4B}.MinSizeRel|Win32.ActiveCfg = MinSizeRel|Win32
		{1A9EA744-6088-3C1D-A607-2002A7E16D4B}.MinSizeRel|Win32.Build.0 = MinSizeRel|Win32
		{1A9EA744-6088-3C1D-A607-2002A7E16D4B}.RelWithDebInfo|Win32.ActiveCfg = RelWithDebInfo|Win32
		{1A9EA744-6088-3C1D-A607-2002A7E16D4B}.RelWithDebInfo|Win32.Build.0 = RelWithDebInfo|Win32
		{A7CDF6F4-3990-3E87-922C-DBA9D67C4D76}.Debug|Win32.ActiveCfg = Debug|Win32
		{A7CDF6F4-3990-3E87-922C-DBA9D67C4D76}.Debug|Win32.Build.0 = Debug|Win32
		{A7CDF6F4-3990-3E87-922C-DBA9D67C4D76}.Release|Win32.ActiveCfg = Release|Win32
		{A7CDF6F4-3990-3E87-922C-DBA9D67C4D76}.Release|Win32.Build.0 = Release|Win32
		{A7CDF6F4-3990-3E87-922C-DBA9D67C4D76}.MinSizeRel|Win32.ActiveCfg = MinSizeRel|Win32
		{A7CDF6F4-3990-3E87-922C-DBA9D67C4D76}.MinSizeRel|Win32.Build.0 = MinSizeRel|Win32
		{A7CDF6F4-3990-3E87-922C-DBA9D67C4D76}.RelWithDebInfo|Win32.ActiveCfg = RelWithDebInfo|Win32
		{A7CDF6F4-3990-3E87-922C-DBA9D67C4D76}.RelWithDebInfo|Win32.Build.0 = RelWithDebInfo|Win32
		{5FC7328E-C30A-3453-9D04-9B98D3E4D722}.Debug|Win32.ActiveCfg = Debug|Win32
		{5FC7328E-C30A-3453-9D04-9B98D3E4D722}.Debug|Win32.Build.0 = Debug|Win32
		{5FC7328E-C30A-3453-9D04-9B98D3E4D722}.Release|Win32.ActiveCfg = Release|Win32
		{5FC7328E-C30A-3453-9D04-9B98D3E4D722}.Release|Win32.Build.0 = Release|Win32
		{5FC7328E-C30A-3453-9D04-9B98D3E4D722}.MinSizeRel|Win32.ActiveCfg = MinSizeRel|Win32
		{5FC7328E-C30A-3453-9D04-9B98D3E4D722}.MinSizeRel|Win32.Build.0 = MinSizeRel|Win32
		{5FC7328E-C30A-3453-9D04-9B98D3E4D722}.RelWithDebInfo|Win32.ActiveCfg = RelWithDebInfo|Win32
		{5FC7328E-C30A-3453-9D04-9B98D3E4D722}.RelWithDebInfo|Win32.Build.0 = RelWithDebInfo|Win32
		{A234871E-27AB-3958-AFB0-D6B1D2C04D01}.Debug|Win32.ActiveCfg = Debug|Win32
		{A234871E-27AB-3958-AFB0-D6B1D2C04D01}.Debug|Win32.Build.0 = Debug|Win32
		{A234871E-27AB-3958-AFB0-D6B1D2C04D01}.Release|Win32.ActiveCfg = Release|Win32
		{A234871E-27AB-3958-AFB0-D6B1D2C04D01}.Release|Win32.Build.0 = Release|Win32
		{A234871E-27AB-3958-AFB0-D6B1D2C04D01}.MinSizeRel|Win32.ActiveCfg = MinSizeRel|Win32
		{A234871E-27AB-3958-AFB0-D6B1D2C04D01}.MinSizeRel|Win32.Build.0 = MinSizeRel|Win32
		{A234871E-27AB-3958-AFB0-D6B1D2C04D01}.RelWithDebInfo|Win32.ActiveCfg = RelWithDebInfo|Win32
		{A234871E-27AB-3958-AFB0-D6B1D2C04D01}.RelWithDebInfo|Win32.Build.0 = RelWithDebInfo|Win32
		{4DE1C94D-4A90-31F5-8414-1A790C1F9024}.Debug|Win32.ActiveCfg = Debug|Win32
		{4DE1C94D-4A90-31F5-8414-1A790C1F9024}.Debug|Win32.Build.0 = Debug|Win32
		{4DE1C94D-4A90-31F5-8414-1A790C1F9024}.Release|Win32.ActiveCfg = Release|Win32
		{4DE1C94D-4A90-31F5-8414-1A790C1F9024}.Release|Win32.Build.0 = Release|Win32
		{4DE1C94D-4A90-31F5-8414-1A790C1F9024}.MinSizeRel|Win32.ActiveCfg = MinSizeRel|Win32
		{4DE1C94D-4A90-31F5-8414-1A790C1F9024}.MinSizeRel|Win32.Build.0 = MinSizeRel|Win32
		{4DE1C94D-4A90-31F5-8414-1A790C1F9024}.RelWithDebInfo|Win32.ActiveCfg = RelWithDebInfo|Win32
		{4DE1C94D-4A90-31F5-8414-1A790C1F9024}.RelWithDebInfo|Win32.Build.0 = RelWithDebInfo|Win32
		{96A7FD8E-DDA0-3FCB-9C16-C1FCEC4B7C18}.Debug|Win32.ActiveCfg = Debug|Win32
		{96A7FD8E-DDA0-3FCB-9C16-C1FCEC4B7C18}.Debug|Win32.Build.0 = Debug|Win32
		{96A7FD8E-DDA0-3FCB-9C16-C1FCEC4B7C18}.Release|Win32.ActiveCfg = Release|Win32
		{96A7FD8E-DDA0-3FCB-9C16-C1FCEC4B7C18}.Release|Win32.Build.0 = Release|Win32
		{96A7FD8E-DDA0-3FCB-9C16-C1FCEC4B7C18}.MinSizeRel|Win32.ActiveCfg = MinSizeRel|Win32
		{96A7FD8E-DDA0-3FCB-9C16-C1FCEC4B7C18}.MinSizeRel|Win32.Build.0 = MinSizeRel|Win32
		{96A7FD8E-DDA0-3FCB-9C16-C1FCEC4B7C18}.RelWithDebInfo|Win32.ActiveCfg = RelWithDebInfo|Win32
		{96A7FD8E-DDA0-3FCB-9C16-C1FCEC4B7C18}.RelWithDebInfo|Win32.Build.0 = RelWithDebInfo|Win32
		{F6C364EC-9108-3973-91B3-147550ADC93B}.Debug|Win32.ActiveCfg = Debug|Win32
		{F6C364EC-9108-3973-91B3-147550ADC93B}.Debug|Win32.Build.0 = Debug|Win32
		{F6C364EC-9108-3973-91B3-147550ADC93B}.Release|Win32.ActiveCfg = Release|Win32
		{F6C364EC-9108-3973-91B3-147550ADC93B}.Release|Win32.Build.0 = Release|Win32
		{F6C364EC-9108-3973-91B3-147550ADC93B}.MinSizeRel|Win32.ActiveCfg = MinSizeRel|Win32
		{F6C364EC-9108-3973-91B3-147550ADC93B}.MinSizeRel|Win32.Build.0 = MinSizeRel|Win32
		{F6C364EC-9108-3973-91B3-147550ADC93B}.RelWithDebInfo|Win32.ActiveCfg = RelWithDebInfo|Win32
		{F6C364EC-9108-3973-91B3-147550ADC93B}.RelWithDebInfo|Win32.Build.0 = RelWithDebInfo|Win32
		{3A08D22C-3222-3792-9A87-A7519EAD4750}.Debug|Win32.ActiveCfg = Debug|Win32
		{3A08D22C-3222-3792-9A87-A7519EAD4750}.Debug|Win32.Build.0 = Debug|Win32
		{3A08D22C-3222-3792-9A87-A7519EAD4750}.Release|Win32.ActiveCfg = Release|Win32
		{3A08D22C-3222-3792-9A87-A7519EAD4750}.Release|Win32.Build.0 = Release|Win32
		{3A08D22C-3222-3792-9A87-A7519EAD4750}.MinSizeRel|Win32.ActiveCfg = MinSizeRel|Win32
		{3A08D22C-3222-3792-9A87-A7519EAD4750}.MinSizeRel|Win32.Build.0 = MinSizeRel|Win32
		{3A08D22C-3222-3792-9A87-A7519EAD4750}.RelWithDebInfo|Win32.ActiveCfg = RelWithDebInfo|Win32
		{3A08D22C-3222-3792-9A87-A7519EAD4750}.RelWithDebInfo|Win32.Build.0 = RelWithDebInfo|Win32
		{97F97BDB-E447-3934-8AB7-44611FA2942B}.Debug|Win32.ActiveCfg = Debug|Win32
		{97F97BDB-E447-3934-8AB7-44611FA2942B}.Debug|Win32.Build.0 = Debug|Win32
		{97F97BDB-E447-3934-8AB7-44611FA2942B}.Release|Win32.ActiveCfg = Release|Win32
		{97F97BDB-E447-3934-8AB7-44611FA2942B}.Release|Win32.Build.0 = Release|Win32
		{97F97BDB-E447-3934-8AB7-44611FA2942B}.MinSizeRel|Win32.ActiveCfg = MinSizeRel|Win32
		{97F97BDB-E447-3934-8AB7-44611FA2942B}.MinSizeRel|Win32.Build.0 = MinSizeRel|Win32
		{97F97BDB-E447-3934-8AB7-44611FA2942B}.RelWithDebInfo|Win32.ActiveCfg = RelWithDebInfo|Win32
		{97F97BDB-E447-3934-8AB7-44611FA2942B}.RelWithDebInfo|Win32.Build.0 = RelWithDebInfo|Win32
		{0F11BC3F-A029-39D2-A325-418725DB026E}.Debug|Win32.ActiveCfg = Debug|Win32
		{0F11BC3F-A029-39D2-A325-418725DB026E}.Debug|Win32.Build.0 = Debug|Win32
		{0F11BC3F-A029-39D2-A325-418725DB026E}.Release|Win32.ActiveCfg = Release|Win32
		{0F11BC3F-A029-39D2-A325-418725DB026E}.Release|Win32.Build.0 = Release|Win32
		{0F11BC3F-A029-39D2-A325-418725DB026E}.MinSizeRel|Win32.ActiveCfg = MinSizeRel|Win32
		{0F11BC3F-A029-39D2-A325-418725DB026E}.MinSizeRel|Win32.Build.0 = MinSizeRel|Win32
		{0F11BC3F-A029-39D2-A325-418725DB026E}.RelWithDebInfo|Win32.ActiveCfg = RelWithDebInfo|Win32
		{0F11BC3F-A029-39D2-A325-418725DB026E}.RelWithDebInfo|Win32.Build.0 = RelWithDebInfo|Win32
		{1360023C-0525-3CDC-BD49-E14C81B76CD6}.Debug|Win32.ActiveCfg = Debug|Win32
		{1360023C-0525-3CDC-BD49-E14C81B76CD6}.Debug|Win32.Build.0 = Debug|Win32
		{1360023C-0525-3CDC-BD49-E14C81B76CD6}.Release|Win32.ActiveCfg = Release|Win32
		{1360023C-0525-3CDC-BD49-E14C81B76CD6}.Release|Win32.Build.0 = Release|Win32
		{1360023C-0525-3CDC-BD49-E14C81B76CD6}.MinSizeRel|Win32.ActiveCfg = MinSizeRel|Win32
		{1360023C-0525-3CDC-BD49-E14C81B76CD6}.MinSizeRel|Win32.Build.0 = MinSizeRel|Win32
		{1360023C-0525-3CDC-BD49-E14C81B76CD6}.RelWithDebInfo|Win32.ActiveCfg = RelWithDebInfo|Win32
		{1360023C-0525-3CDC-BD49-E14C81B76CD6}.RelWithDebInfo|Win32.Build.0 = RelWithDebInfo|Win32
		{2EF364CE-3A48-3D90-80DF-E14E0361F91C}.Debug|Win32.ActiveCfg = Debug|Win32
		{2EF364CE-3A48-3D90-80DF-E14E0361F91C}.Debug|Win32.Build.0 = Debug|Win32
		{2EF364CE-3A48-3D90-80DF-E14E0361F91C}.Release|Win32.ActiveCfg = Release|Win32
		{2EF364CE-3A48-3D90-80DF-E14E0361F91C}.Release|Win32.Build.0 = Release|Win32
		{2EF364CE-3A48-3D90-80DF-E14E0361F91C}.MinSizeRel|Win32.ActiveCfg = MinSizeRel|Win32
		{2EF364CE-3A48-3D90-80DF-E14E0361F91C}.MinSizeRel|Win32.Build.0 = MinSizeRel|Win32
		{2EF364CE-3A48-3D90-80DF-E14E0361F91C}.RelWithDebInfo|Win32.ActiveCfg = RelWithDebInfo|Win32
		{2EF364CE-3A48-3D90-80DF-E14E0361F91C}.RelWithDebInfo|Win32.Build.0 = RelWithDebInfo|Win32
		{A18C1CB5-FC52-3355-9AEE-1882352E6E7F}.Debug|Win32.ActiveCfg = Debug|Win32
		{A18C1CB5-FC52-3355-9AEE-1882352E6E7F}.Debug|Win32.Build.0 = Debug|Win32
		{A18C1CB5-FC52-3355-9AEE-1882352E6E7F}.Release|Win32.ActiveCfg = Release|Win32
		{A18C1CB5-FC52-3355-9AEE-1882352E6E7F}.Release|Win32.Build.0 = Release|Win32
		{A18C1CB5-FC52-3355-9AEE-1882352E6E7F}.MinSizeRel|Win32.ActiveCfg = MinSizeRel|Win32
		{A18C1CB5-FC52-3355-9AEE-1882352E6E7F}.MinSizeRel|Win32.Build.0 = MinSizeRel|Win32
		{A18C1CB5-FC52-3355-9AEE-1882352E6E7F}.RelWithDebInfo|Win32.ActiveCfg = RelWithDebInfo|Win32
		{A18C1CB5-FC52-3355-9AEE-1882352E6E7F}.RelWithDebInfo|Win32.Build.0 = RelWithDebInfo|Win32
		{72BE1487-F179-3A03-A45D-06F4B7C5A980}.Debug|Win32.ActiveCfg = Debug|Win32
		{72BE1487-F179-3A03-A45D-06F4B7C5A980}.Debug|Win32.Build.0 = Debug|Win32
		{72BE1487-F179-3A03-A45D-06F4B7C5A980}.Release|Win32.ActiveCfg = Release|Win32
		{72BE1487-F179-3A03-A45D-06F4B7C5A980}.Release|Win32.Build.0 = Release|Win32
		{72BE1487-F179-3A03-A45D-06F4B7C5A980}.MinSizeRel|Win32.ActiveCfg = MinSizeRel|Win32
		{72BE1487-F179-3A03-A45D-06F4B7C5A980}.MinSizeRel|Win32.Build.0 = MinSizeRel|Win32
		{72BE1487-F179-3A03-A45D-06F4B7C5A980}.RelWithDebInfo|Win32.ActiveCfg = RelWithDebInfo|Win32
		{72BE1487-F179-3A03-A45D-06F4B7C5A980}.RelWithDebInfo|Win32.Build.0 = RelWithDebInfo|Win32
		{A9053B82-FE59-3CBF-8256-25FB47C69AC8}.Debug|Win32.ActiveCfg = Debug|Win32
		{A9053B82-FE59-3CBF-8256-25FB47C69AC8}.Debug|Win32.Build.0 = Debug|Win32
		{A9053B82-FE59-3CBF-8256-25FB47C69AC8}.Release|Win32.ActiveCfg = Release|Win32
		{A9053B82-FE59-3CBF-8256-25FB47C69AC8}.Release|Win32.Build.0 = Release|Win32
		{A9053B82-FE59-3CBF-8256-25FB47C69AC8}.MinSizeRel|Win32.ActiveCfg = MinSizeRel|Win32
		{A9053B82-FE59-3CBF-8256-25FB47C69AC8}.MinSizeRel|Win32.Build.0 = MinSizeRel|Win32
		{A9053B82-FE59-3CBF-8256-25FB47C69AC8}.RelWithDebInfo|Win32.ActiveCfg = RelWithDebInfo|Win32
		{A9053B82-FE59-3CBF-8256-25FB47C69AC8}.RelWithDebInfo|Win32.Build.0 = RelWithDebInfo|Win32
		{2DF2B558-A1DC-3A49-A280-BC20EAD56621}.Debug|Win32.ActiveCfg = Debug|Win32
		{2DF2B558-A1DC-3A49-A280-BC20EAD56621}.Debug|Win32.Build.0 = Debug|Win32
		{2DF2B558-A1DC-3A49-A280-BC20EAD56621}.Release|Win32.ActiveCfg = Release|Win32
		{2DF2B558-A1DC-3A49-A280-BC20EAD56621}.Release|Win32.Build.0 = Release|Win32
		{2DF2B558-A1DC-3A49-A280-BC20EAD56621}.MinSizeRel|Win32.ActiveCfg = MinSizeRel|Win32
		{2DF2B558-A1DC-3A49-A280-BC20EAD56621}.MinSizeRel|Win32.Build.0 = MinSizeRel|Win32
		{2DF2B558-A1DC-3A49-A280-BC20EAD56621}.RelWithDebInfo|Win32.ActiveCfg = RelWithDebInfo|Win32
		{2DF2B558-A1DC-3A49-A280-BC20EAD56621}.RelWithDebInfo|Win32.Build.0 = RelWithDebInfo|Win32
		{8FFB5F93-B518-393F-9DCA-867CF0AF44DB}.Debug|Win32.ActiveCfg = Debug|Win32
		{8FFB5F93-B518-393F-9DCA-867CF0AF44DB}.Debug|Win32.Build.0 = Debug|Win32
		{8FFB5F93-B518-393F-9DCA-867CF0AF44DB}.Release|Win32.ActiveCfg = Release|Win32
		{8FFB5F93-B518-393F-9DCA-867CF0AF44DB}.Release|Win32.Build.0 = Release|Win32
		{8FFB5F93-B518-393F-9DCA-867CF0AF44DB}.MinSizeRel|Win32.ActiveCfg = MinSizeRel|Win32
		{8FFB5F93-B518-393F-9DCA-867CF0AF44DB}.MinSizeRel|Win32.Build.0 = MinSizeRel|Win32
		{8FFB5F93-B518-393F-9DCA-867CF0AF44DB}.RelWithDebInfo|Win32.ActiveCfg = RelWithDebInfo|Win32
		{8FFB5F93-B518-393F-9DCA-867CF0AF44DB}.RelWithDebInfo|Win32.Build.0 = RelWithDebInfo|Win32
		{8F15D584-4850-3795-87F3-32A2B25BFBB7}.Debug|Win32.ActiveCfg = Debug|Win32
		{8F15D584-4850-3795-87F3-32A2B25BFBB7}.Debug|Win32.Build.0 = Debug|Win32
		{8F15D584-4850-3795-87F3-32A2B25BFBB7}.Release|Win32.ActiveCfg = Release|Win32
		{8F15D584-4850-3795-87F3-32A2B25BFBB7}.Release|Win32.Build.0 = Release|Win32
		{8F15D584-4850-3795-87F3-32A2B25BFBB7}.MinSizeRel|Win32.ActiveCfg = MinSizeRel|Win32
		{8F15D584-4850-3795-87F3-32A2B25BFBB7}.MinSizeRel|Win32.Build.0 = MinSizeRel|Win32
		{8F15D584-4850-3795-87F3-32A2B25BFBB7}.RelWithDebInfo|Win32.ActiveCfg = RelWithDebInfo|Win32
		{8F15D584-4850-3795-87F3-32A2B25BFBB7}.RelWithDebInfo|Win32.Build.0 = RelWithDebInfo|Win32
		{7EC03F20-4A69-3A77-A592-8CBADE310E3C}.Debug|Win32.ActiveCfg = Debug|Win32
		{7EC03F20-4A69-3A77-A592-8CBADE310E3C}.Debug|Win32.Build.0 = Debug|Win32
		{7EC03F20-4A69-3A77-A592-8CBADE310E3C}.Release|Win32.ActiveCfg = Release|Win32
		{7EC03F20-4A69-3A77-A592-8CBADE310E3C}.Release|Win32.Build.0 = Release|Win32
		{7EC03F20-4A69-3A77-A592-8CBADE310E3C}.MinSizeRel|Win32.ActiveCfg = MinSizeRel|Win32
		{7EC03F20-4A69-3A77-A592-8CBADE310E3C}.MinSizeRel|Win32.Build.0 = MinSizeRel|Win32
		{7EC03F20-4A69-3A77-A592-8CBADE310E3C}.RelWithDebInfo|Win32.ActiveCfg = RelWithDebInfo|Win32
		{7EC03F20-4A69-3A77-A592-8CBADE310E3C}.RelWithDebInfo|Win32.Build.0 = RelWithDebInfo|Win32
		{76888766-E211-3EF5-AE61-8DDDB06C78A5}.Debug|Win32.ActiveCfg = Debug|Win32
		{76888766-E211-3EF5-AE61-8DDDB06C78A5}.Debug|Win32.Build.0 = Debug|Win32
		{76888766-E211-3EF5-AE61-8DDDB06C78A5}.Release|Win32.ActiveCfg = Release|Win32
		{76888766-E211-3EF5-AE61-8DDDB06C78A5}.Release|Win32.Build.0 = Release|Win32
		{76888766-E211-3EF5-AE61-8DDDB06C78A5}.MinSizeRel|Win32.ActiveCfg = MinSizeRel|Win32
		{76888766-E211-3EF5-AE61-8DDDB06C78A5}.MinSizeRel|Win32.Build.0 = MinSizeRel|Win32
		{76888766-E211-3EF5-AE61-8DDDB06C78A5}.RelWithDebInfo|Win32.ActiveCfg = RelWithDebInfo|Win32
		{76888766-E211-3EF5-AE61-8DDDB06C78A5}.RelWithDebInfo|Win32.Build.0 = RelWithDebInfo|Win32
		{3FD9DBBE-5D57-31E9-9E91-82EA9ECEC3E9}.Debug|Win32.ActiveCfg = Debug|Win32
		{3FD9DBBE-5D57-31E9-9E91-82EA9ECEC3E9}.Debug|Win32.Build.0 = Debug|Win32
		{3FD9DBBE-5D57-31E9-9E91-82EA9ECEC3E9}.Release|Win32.ActiveCfg = Release|Win32
		{3FD9DBBE-5D57-31E9-9E91-82EA9ECEC3E9}.Release|Win32.Build.0 = Release|Win32
		{3FD9DBBE-5D57-31E9-9E91-82EA9ECEC3E9}.MinSizeRel|Win32.ActiveCfg = MinSizeRel|Win32
		{3FD9DBBE-5D57-31E9-9E91-82EA9ECEC3E9}.MinSizeRel|Win32.Build.0 = MinSizeRel|Win32
		{3FD9DBBE-5D57-31E9-9E91-82EA9ECEC3E9}.RelWithDebInfo|Win32.ActiveCfg = RelWithDebInfo|Win32
		{3FD9DBBE-5D57-31E9-9E91-82EA9ECEC3E9}.RelWithDebInfo|Win32.Build.0 = RelWithDebInfo|Win32
		{61835D88-6133-3C9A-8D97-9BC1F366C5D9}.Debug|Win32.ActiveCfg = Debug|Win32
		{61835D88-6133-3C9A-8D97-9BC1F366C5D9}.Debug|Win32.Build.0 = Debug|Win32
		{61835D88-6133-3C9A-8D97-9BC1F366C5D9}.Release|Win32.ActiveCfg = Release|Win32
		{61835D88-6133-3C9A-8D97-9BC1F366C5D9}.Release|Win32.Build.0 = Release|Win32
		{61835D88-6133-3C9A-8D97-9BC1F366C5D9}.MinSizeRel|Win32.ActiveCfg = MinSizeRel|Win32
		{61835D88-6133-3C9A-8D97-9BC1F366C5D9}.MinSizeRel|Win32.Build.0 = MinSizeRel|Win32
		{61835D88-6133-3C9A-8D97-9BC1F366C5D9}.RelWithDebInfo|Win32.ActiveCfg = RelWithDebInfo|Win32
		{61835D88-6133-3C9A-8D97-9BC1F366C5D9}.RelWithDebInfo|Win32.Build.0 = RelWithDebInfo|Win32
		{22103E86-B949-3D5C-A468-CFF6C5CF3C2A}.Debug|Win32.ActiveCfg = Debug|Win32
		{22103E86-B949-3D5C-A468-CFF6C5CF3C2A}.Debug|Win32.Build.0 = Debug|Win32
		{22103E86-B949-3D5C-A468-CFF6C5CF3C2A}.Release|Win32.ActiveCfg = Release|Win32
		{22103E86-B949-3D5C-A468-CFF6C5CF3C2A}.Release|Win32.Build.0 = Release|Win32
		{22103E86-B949-3D5C-A468-CFF6C5CF3C2A}.MinSizeRel|Win32.ActiveCfg = MinSizeRel|Win32
		{22103E86-B949-3D5C-A468-CFF6C5CF3C2A}.MinSizeRel|Win32.Build.0 = MinSizeRel|Win32
		{22103E86-B949-3D5C-A468-CFF6C5CF3C2A}.RelWithDebInfo|Win32.ActiveCfg = RelWithDebInfo|Win32
		{22103E86-B949-3D5C-A468-CFF6C5CF3C2A}.RelWithDebInfo|Win32.Build.0 = RelWithDebInfo|Win32
		{D8B91BF6-A9C4-3029-836A-98FCDCE719C0}.Debug|Win32.ActiveCfg = Debug|Win32
		{D8B91BF6-A9C4-3029-836A-98FCDCE719C0}.Debug|Win32.Build.0 = Debug|Win32
		{D8B91BF6-A9C4-3029-836A-98FCDCE719C0}.Release|Win32.ActiveCfg = Release|Win32
		{D8B91BF6-A9C4-3029-836A-98FCDCE719C0}.Release|Win32.Build.0 = Release|Win32
		{D8B91BF6-A9C4-3029-836A-98FCDCE719C0}.MinSizeRel|Win32.ActiveCfg = MinSizeRel|Win32
		{D8B91BF6-A9C4-3029-836A-98FCDCE719C0}.MinSizeRel|Win32.Build.0 = MinSizeRel|Win32
		{D8B91BF6-A9C4-3029-836A-98FCDCE719C0}.RelWithDebInfo|Win32.ActiveCfg = RelWithDebInfo|Win32
		{D8B91BF6-A9C4-3029-836A-98FCDCE719C0}.RelWithDebInfo|Win32.Build.0 = RelWithDebInfo|Win32
		{BE1FA7B7-A7AB-30CD-8519-69C84ED5F901}.Debug|Win32.ActiveCfg = Debug|Win32
		{BE1FA7B7-A7AB-30CD-8519-69C84ED5F901}.Debug|Win32.Build.0 = Debug|Win32
		{BE1FA7B7-A7AB-30CD-8519-69C84ED5F901}.Release|Win32.ActiveCfg = Release|Win32
		{BE1FA7B7-A7AB-30CD-8519-69C84ED5F901}.Release|Win32.Build.0 = Release|Win32
		{BE1FA7B7-A7AB-30CD-8519-69C84ED5F901}.MinSizeRel|Win32.ActiveCfg = MinSizeRel|Win32
		{BE1FA7B7-A7AB-30CD-8519-69C84ED5F901}.MinSizeRel|Win32.Build.0 = MinSizeRel|Win32
		{BE1FA7B7-A7AB-30CD-8519-69C84ED5F901}.RelWithDebInfo|Win32.ActiveCfg = RelWithDebInfo|Win32
		{BE1FA7B7-A7AB-30CD-8519-69C84ED5F901}.RelWithDebInfo|Win32.Build.0 = RelWithDebInfo|Win32
		{340BD224-E3E7-3598-92A4-3FD7D9801C1F}.Debug|Win32.ActiveCfg = Debug|Win32
		{340BD224-E3E7-3598-92A4-3FD7D9801C1F}.Release|Win32.ActiveCfg = Release|Win32
		{340BD224-E3E7-3598-92A4-3FD7D9801C1F}.MinSizeRel|Win32.ActiveCfg = MinSizeRel|Win32
		{340BD224-E3E7-3598-92A4-3FD7D9801C1F}.RelWithDebInfo|Win32.ActiveCfg = RelWithDebInfo|Win32
		{2FE68577-A4A5-3445-AB97-B89CF5BD010A}.Debug|Win32.ActiveCfg = Debug|Win32
		{2FE68577-A4A5-3445-AB97-B89CF5BD010A}.Debug|Win32.Build.0 = Debug|Win32
		{2FE68577-A4A5-3445-AB97-B89CF5BD010A}.Release|Win32.ActiveCfg = Release|Win32
		{2FE68577-A4A5-3445-AB97-B89CF5BD010A}.Release|Win32.Build.0 = Release|Win32
		{2FE68577-A4A5-3445-AB97-B89CF5BD010A}.MinSizeRel|Win32.ActiveCfg = MinSizeRel|Win32
		{2FE68577-A4A5-3445-AB97-B89CF5BD010A}.MinSizeRel|Win32.Build.0 = MinSizeRel|Win32
		{2FE68577-A4A5-3445-AB97-B89CF5BD010A}.RelWithDebInfo|Win32.ActiveCfg = RelWithDebInfo|Win32
		{2FE68577-A4A5-3445-AB97-B89CF5BD010A}.RelWithDebInfo|Win32.Build.0 = RelWithDebInfo|Win32
		{F4AD85C5-9353-30B8-AB12-719E0CA86AAE}.Debug|Win32.ActiveCfg = Debug|Win32
		{F4AD85C5-9353-30B8-AB12-719E0CA86AAE}.Debug|Win32.Build.0 = Debug|Win32
		{F4AD85C5-9353-30B8-AB12-719E0CA86AAE}.Release|Win32.ActiveCfg = Release|Win32
		{F4AD85C5-9353-30B8-AB12-719E0CA86AAE}.Release|Win32.Build.0 = Release|Win32
		{F4AD85C5-9353-30B8-AB12-719E0CA86AAE}.MinSizeRel|Win32.ActiveCfg = MinSizeRel|Win32
		{F4AD85C5-9353-30B8-AB12-719E0CA86AAE}.MinSizeRel|Win32.Build.0 = MinSizeRel|Win32
		{F4AD85C5-9353-30B8-AB12-719E0CA86AAE}.RelWithDebInfo|Win32.ActiveCfg = RelWithDebInfo|Win32
		{F4AD85C5-9353-30B8-AB12-719E0CA86AAE}.RelWithDebInfo|Win32.Build.0 = RelWithDebInfo|Win32
	EndGlobalSection
	GlobalSection(NestedProjects) = preSolution
		{9B7E28AC-E846-3EE8-8E69-9728DF54BD47} = {55D07551-B8D9-3C08-8798-ECC52A2433B0}
		{CF76EE6D-A3DE-303D-A934-65413B37F1F3} = {55D07551-B8D9-3C08-8798-ECC52A2433B0}
		{8DED3C34-0952-3BE9-926E-5DDEC53147D2} = {55D07551-B8D9-3C08-8798-ECC52A2433B0}
		{6DB7BAA1-BB6D-367A-999E-AAB8F1901C5F} = {92399E1E-B055-334B-A506-F8157E6C6CD6}
		{AB350629-FF5D-3124-AAF5-49A32EF485DB} = {92399E1E-B055-334B-A506-F8157E6C6CD6}
		{116F9F34-CCD2-3CC6-858C-4134689DE0D9} = {92399E1E-B055-334B-A506-F8157E6C6CD6}
		{EA643AE1-280E-3282-853F-C4DB019B6E7A} = {92399E1E-B055-334B-A506-F8157E6C6CD6}
		{7EFB350B-1221-3339-8C7A-5032C593C611} = {92399E1E-B055-334B-A506-F8157E6C6CD6}
		{CCFF8927-0043-3205-98CF-873F9E264FF8} = {B9832787-47E3-30B2-85D2-9F7A3B3A1968}
		{2043D646-EBD9-3FCC-B100-8B9407863CFD} = {7F35D5A7-BB24-3F7F-BDD5-1441C4675755}
		{B0BC9FF9-8CED-3433-ACBB-7C9692575B54} = {23337009-8B5F-3A30-9467-DF0EDAE0F8EE}
		{BE1FA7B7-A7AB-30CD-8519-69C84ED5F901} = {23337009-8B5F-3A30-9467-DF0EDAE0F8EE}
	EndGlobalSection
	GlobalSection(ExtensibilityGlobals) = postSolution
	EndGlobalSection
	GlobalSection(ExtensibilityAddIns) = postSolution
	EndGlobalSection
EndGlobal
