<?xml version="1.0" encoding="UTF-8"?>
<Project ToolsVersion="14.0" xmlns="http://schemas.microsoft.com/developer/msbuild/2003">
  <ItemGroup>
    <ClCompile Include="C:\Users\ziyad\Documents\SPIRV-viewer\lib\shaderc\glslc\src\file_compiler.cc">
      <Filter>Source Files</Filter>
    </ClCompile>
    <ClCompile Include="C:\Users\ziyad\Documents\SPIRV-viewer\lib\shaderc\glslc\src\file.cc">
      <Filter>Source Files</Filter>
    </ClCompile>
    <ClCompile Include="C:\Users\ziyad\Documents\SPIRV-viewer\lib\shaderc\glslc\src\file_includer.cc">
      <Filter>Source Files</Filter>
    </ClCompile>
    <ClCompile Include="C:\Users\ziyad\Documents\SPIRV-viewer\lib\shaderc\glslc\src\shader_stage.cc">
      <Filter>Source Files</Filter>
    </ClCompile>
    <ClCompile Include="C:\Users\ziyad\Documents\SPIRV-viewer\lib\shaderc\glslc\src\dependency_info.cc">
      <Filter>Source Files</Filter>
    </ClCompile>
  </ItemGroup>
  <ItemGroup>
    <ClInclude Include="C:\Users\ziyad\Documents\SPIRV-viewer\lib\shaderc\glslc\src\file_compiler.h">
      <Filter>Header Files</Filter>
    </ClInclude>
    <ClInclude Include="C:\Users\ziyad\Documents\SPIRV-viewer\lib\shaderc\glslc\src\file.h">
      <Filter>Header Files</Filter>
    </ClInclude>
    <ClInclude Include="C:\Users\ziyad\Documents\SPIRV-viewer\lib\shaderc\glslc\src\file_includer.h">
      <Filter>Header Files</Filter>
    </ClInclude>
    <ClInclude Include="C:\Users\ziyad\Documents\SPIRV-viewer\lib\shaderc\glslc\src\shader_stage.h">
      <Filter>Header Files</Filter>
    </ClInclude>
    <ClInclude Include="C:\Users\ziyad\Documents\SPIRV-viewer\lib\shaderc\glslc\src\dependency_info.h">
      <Filter>Header Files</Filter>
    </ClInclude>
  </ItemGroup>
  <ItemGroup>
    <CustomBuild Include="C:\Users\ziyad\Documents\SPIRV-viewer\lib\shaderc\glslc\CMakeLists.txt" />
  </ItemGroup>
  <ItemGroup>
    <Filter Include="Source Files">
      <UniqueIdentifier>{DAEB56E6-7EC3-3691-9A77-2119D1D9D2D8}</UniqueIdentifier>
    </Filter>
    <Filter Include="Header Files">
      <UniqueIdentifier>{00CB29F0-C2FB-3FCF-BBD6-A7BB08FF4C95}</UniqueIdentifier>
    </Filter>
  </ItemGroup>
</Project>
